// !$*UTF8*$!
{
	archiveVersion = 1;
	classes = {
	};
	objectVersion = 56;
	objects = {

/* Begin PBXBuildFile section */
		AB3C878C2941AE59002260B8 /* AppDelegate.swift in Sources */ = {isa = PBXBuildFile; fileRef = AB3C878B2941AE59002260B8 /* AppDelegate.swift */; };
		AB3C878E2941AE59002260B8 /* SceneDelegate.swift in Sources */ = {isa = PBXBuildFile; fileRef = AB3C878D2941AE59002260B8 /* SceneDelegate.swift */; };
		AB3C87902941AE59002260B8 /* ListViewController.swift in Sources */ = {isa = PBXBuildFile; fileRef = AB3C878F2941AE59002260B8 /* ListViewController.swift */; };
		AB3C87932941AE59002260B8 /* Main.storyboard in Resources */ = {isa = PBXBuildFile; fileRef = AB3C87912941AE59002260B8 /* Main.storyboard */; };
		AB3C87952941AE59002260B8 /* Assets.xcassets in Resources */ = {isa = PBXBuildFile; fileRef = AB3C87942941AE59002260B8 /* Assets.xcassets */; };
		AB3C87982941AE59002260B8 /* LaunchScreen.storyboard in Resources */ = {isa = PBXBuildFile; fileRef = AB3C87962941AE59002260B8 /* LaunchScreen.storyboard */; };
		AB3C87A62941AF6C002260B8 /* SnapKit in Frameworks */ = {isa = PBXBuildFile; productRef = AB3C87A52941AF6C002260B8 /* SnapKit */; };
		AB3C87A92941AF74002260B8 /* Then in Frameworks */ = {isa = PBXBuildFile; productRef = AB3C87A82941AF74002260B8 /* Then */; };
		AB3C87AB2941B48B002260B8 /* ListCollectionViewCell.swift in Sources */ = {isa = PBXBuildFile; fileRef = AB3C87AA2941B48B002260B8 /* ListCollectionViewCell.swift */; };
		AB3C87AF2941C3DF002260B8 /* UIView+.swift in Sources */ = {isa = PBXBuildFile; fileRef = AB3C87AE2941C3DF002260B8 /* UIView+.swift */; };
		AB3C87B12941C3EE002260B8 /* UIColor+.swift in Sources */ = {isa = PBXBuildFile; fileRef = AB3C87B02941C3EE002260B8 /* UIColor+.swift */; };
		AB3C87B32941C3FE002260B8 /* UIStackView+.swift in Sources */ = {isa = PBXBuildFile; fileRef = AB3C87B22941C3FE002260B8 /* UIStackView+.swift */; };
		AB3C87B72941C53D002260B8 /* GridViewController.swift in Sources */ = {isa = PBXBuildFile; fileRef = AB3C87B62941C53D002260B8 /* GridViewController.swift */; };
		AB3C87B92941C8BE002260B8 /* GridCollectionViewCell.swift in Sources */ = {isa = PBXBuildFile; fileRef = AB3C87B82941C8BE002260B8 /* GridCollectionViewCell.swift */; };
		AB9103BB2946F02B00FD761A /* DistinctSectionViewController.swift in Sources */ = {isa = PBXBuildFile; fileRef = AB9103BA2946F02B00FD761A /* DistinctSectionViewController.swift */; };
		AB9103BD2947772E00FD761A /* DataModel.swift in Sources */ = {isa = PBXBuildFile; fileRef = AB9103BC2947772E00FD761A /* DataModel.swift */; };
/* End PBXBuildFile section */

/* Begin PBXFileReference section */
		AB3C87882941AE59002260B8 /* Compositional-Layout.app */ = {isa = PBXFileReference; explicitFileType = wrapper.application; includeInIndex = 0; path = "Compositional-Layout.app"; sourceTree = BUILT_PRODUCTS_DIR; };
		AB3C878B2941AE59002260B8 /* AppDelegate.swift */ = {isa = PBXFileReference; lastKnownFileType = sourcecode.swift; path = AppDelegate.swift; sourceTree = "<group>"; };
		AB3C878D2941AE59002260B8 /* SceneDelegate.swift */ = {isa = PBXFileReference; lastKnownFileType = sourcecode.swift; path = SceneDelegate.swift; sourceTree = "<group>"; };
		AB3C878F2941AE59002260B8 /* ListViewController.swift */ = {isa = PBXFileReference; lastKnownFileType = sourcecode.swift; path = ListViewController.swift; sourceTree = "<group>"; };
		AB3C87922941AE59002260B8 /* Base */ = {isa = PBXFileReference; lastKnownFileType = file.storyboard; name = Base; path = Base.lproj/Main.storyboard; sourceTree = "<group>"; };
		AB3C87942941AE59002260B8 /* Assets.xcassets */ = {isa = PBXFileReference; lastKnownFileType = folder.assetcatalog; path = Assets.xcassets; sourceTree = "<group>"; };
		AB3C87972941AE59002260B8 /* Base */ = {isa = PBXFileReference; lastKnownFileType = file.storyboard; name = Base; path = Base.lproj/LaunchScreen.storyboard; sourceTree = "<group>"; };
		AB3C87992941AE59002260B8 /* Info.plist */ = {isa = PBXFileReference; lastKnownFileType = text.plist.xml; path = Info.plist; sourceTree = "<group>"; };
		AB3C87AA2941B48B002260B8 /* ListCollectionViewCell.swift */ = {isa = PBXFileReference; lastKnownFileType = sourcecode.swift; path = ListCollectionViewCell.swift; sourceTree = "<group>"; };
		AB3C87AE2941C3DF002260B8 /* UIView+.swift */ = {isa = PBXFileReference; lastKnownFileType = sourcecode.swift; path = "UIView+.swift"; sourceTree = "<group>"; };
		AB3C87B02941C3EE002260B8 /* UIColor+.swift */ = {isa = PBXFileReference; lastKnownFileType = sourcecode.swift; path = "UIColor+.swift"; sourceTree = "<group>"; };
		AB3C87B22941C3FE002260B8 /* UIStackView+.swift */ = {isa = PBXFileReference; lastKnownFileType = sourcecode.swift; path = "UIStackView+.swift"; sourceTree = "<group>"; };
		AB3C87B62941C53D002260B8 /* GridViewController.swift */ = {isa = PBXFileReference; lastKnownFileType = sourcecode.swift; path = GridViewController.swift; sourceTree = "<group>"; };
		AB3C87B82941C8BE002260B8 /* GridCollectionViewCell.swift */ = {isa = PBXFileReference; lastKnownFileType = sourcecode.swift; path = GridCollectionViewCell.swift; sourceTree = "<group>"; };
		AB9103BA2946F02B00FD761A /* DistinctSectionViewController.swift */ = {isa = PBXFileReference; lastKnownFileType = sourcecode.swift; path = DistinctSectionViewController.swift; sourceTree = "<group>"; };
		AB9103BC2947772E00FD761A /* DataModel.swift */ = {isa = PBXFileReference; lastKnownFileType = sourcecode.swift; path = DataModel.swift; sourceTree = "<group>"; };
/* End PBXFileReference section */

/* Begin PBXFrameworksBuildPhase section */
		AB3C87852941AE59002260B8 /* Frameworks */ = {
			isa = PBXFrameworksBuildPhase;
			buildActionMask = 2147483647;
			files = (
				AB3C87A62941AF6C002260B8 /* SnapKit in Frameworks */,
				AB3C87A92941AF74002260B8 /* Then in Frameworks */,
			);
			runOnlyForDeploymentPostprocessing = 0;
		};
/* End PBXFrameworksBuildPhase section */

/* Begin PBXGroup section */
		AB3C877F2941AE59002260B8 = {
			isa = PBXGroup;
			children = (
				AB3C878A2941AE59002260B8 /* Compositional-Layout */,
				AB3C87892941AE59002260B8 /* Products */,
			);
			sourceTree = "<group>";
		};
		AB3C87892941AE59002260B8 /* Products */ = {
			isa = PBXGroup;
			children = (
				AB3C87882941AE59002260B8 /* Compositional-Layout.app */,
			);
			name = Products;
			sourceTree = "<group>";
		};
		AB3C878A2941AE59002260B8 /* Compositional-Layout */ = {
			isa = PBXGroup;
			children = (
				AB3C87AC2941C393002260B8 /* Global */,
				AB3C879F2941AE70002260B8 /* Application */,
				AB3C87A22941AE91002260B8 /* Resource */,
				AB3C87A32941AEBB002260B8 /* Presentation */,
				AB3C87992941AE59002260B8 /* Info.plist */,
			);
			path = "Compositional-Layout";
			sourceTree = "<group>";
		};
		AB3C879F2941AE70002260B8 /* Application */ = {
			isa = PBXGroup;
			children = (
				AB3C878B2941AE59002260B8 /* AppDelegate.swift */,
				AB3C878D2941AE59002260B8 /* SceneDelegate.swift */,
				AB3C87912941AE59002260B8 /* Main.storyboard */,
				AB3C87962941AE59002260B8 /* LaunchScreen.storyboard */,
			);
			path = Application;
			sourceTree = "<group>";
		};
		AB3C87A22941AE91002260B8 /* Resource */ = {
			isa = PBXGroup;
			children = (
				AB3C87942941AE59002260B8 /* Assets.xcassets */,
			);
			path = Resource;
			sourceTree = "<group>";
		};
		AB3C87A32941AEBB002260B8 /* Presentation */ = {
			isa = PBXGroup;
			children = (
				AB3C87B42941C455002260B8 /* List */,
				AB3C87B52941C522002260B8 /* Grid */,
				AB9103B92946EFFD00FD761A /* DistinctSection */,
			);
			path = Presentation;
			sourceTree = "<group>";
		};
		AB3C87AC2941C393002260B8 /* Global */ = {
			isa = PBXGroup;
			children = (
				AB3C87AD2941C398002260B8 /* Extension */,
			);
			path = Global;
			sourceTree = "<group>";
		};
		AB3C87AD2941C398002260B8 /* Extension */ = {
			isa = PBXGroup;
			children = (
				AB3C87AE2941C3DF002260B8 /* UIView+.swift */,
				AB3C87B02941C3EE002260B8 /* UIColor+.swift */,
				AB3C87B22941C3FE002260B8 /* UIStackView+.swift */,
			);
			path = Extension;
			sourceTree = "<group>";
		};
		AB3C87B42941C455002260B8 /* List */ = {
			isa = PBXGroup;
			children = (
				AB3C878F2941AE59002260B8 /* ListViewController.swift */,
				AB3C87AA2941B48B002260B8 /* ListCollectionViewCell.swift */,
			);
			path = List;
			sourceTree = "<group>";
		};
		AB3C87B52941C522002260B8 /* Grid */ = {
			isa = PBXGroup;
			children = (
				AB3C87B62941C53D002260B8 /* GridViewController.swift */,
				AB3C87B82941C8BE002260B8 /* GridCollectionViewCell.swift */,
			);
			path = Grid;
			sourceTree = "<group>";
		};
		AB9103B92946EFFD00FD761A /* DistinctSection */ = {
			isa = PBXGroup;
			children = (
				AB9103BA2946F02B00FD761A /* DistinctSectionViewController.swift */,
				AB9103BC2947772E00FD761A /* DataModel.swift */,
			);
			path = DistinctSection;
			sourceTree = "<group>";
		};
/* End PBXGroup section */

/* Begin PBXNativeTarget section */
		AB3C87872941AE59002260B8 /* Compositional-Layout */ = {
			isa = PBXNativeTarget;
			buildConfigurationList = AB3C879C2941AE59002260B8 /* Build configuration list for PBXNativeTarget "Compositional-Layout" */;
			buildPhases = (
				AB3C87842941AE59002260B8 /* Sources */,
				AB3C87852941AE59002260B8 /* Frameworks */,
				AB3C87862941AE59002260B8 /* Resources */,
			);
			buildRules = (
			);
			dependencies = (
			);
			name = "Compositional-Layout";
			packageProductDependencies = (
				AB3C87A52941AF6C002260B8 /* SnapKit */,
				AB3C87A82941AF74002260B8 /* Then */,
			);
			productName = "Compositional-Layout";
			productReference = AB3C87882941AE59002260B8 /* Compositional-Layout.app */;
			productType = "com.apple.product-type.application";
		};
/* End PBXNativeTarget section */

/* Begin PBXProject section */
		AB3C87802941AE59002260B8 /* Project object */ = {
			isa = PBXProject;
			attributes = {
				BuildIndependentTargetsInParallel = 1;
				LastSwiftUpdateCheck = 1400;
				LastUpgradeCheck = 1400;
				TargetAttributes = {
					AB3C87872941AE59002260B8 = {
						CreatedOnToolsVersion = 14.0.1;
					};
				};
			};
			buildConfigurationList = AB3C87832941AE59002260B8 /* Build configuration list for PBXProject "Compositional-Layout" */;
			compatibilityVersion = "Xcode 14.0";
			developmentRegion = en;
			hasScannedForEncodings = 0;
			knownRegions = (
				en,
				Base,
			);
			mainGroup = AB3C877F2941AE59002260B8;
			packageReferences = (
				AB3C87A42941AF6C002260B8 /* XCRemoteSwiftPackageReference "SnapKit" */,
				AB3C87A72941AF74002260B8 /* XCRemoteSwiftPackageReference "Then" */,
			);
			productRefGroup = AB3C87892941AE59002260B8 /* Products */;
			projectDirPath = "";
			projectRoot = "";
			targets = (
				AB3C87872941AE59002260B8 /* Compositional-Layout */,
			);
		};
/* End PBXProject section */

/* Begin PBXResourcesBuildPhase section */
		AB3C87862941AE59002260B8 /* Resources */ = {
			isa = PBXResourcesBuildPhase;
			buildActionMask = 2147483647;
			files = (
				AB3C87982941AE59002260B8 /* LaunchScreen.storyboard in Resources */,
				AB3C87952941AE59002260B8 /* Assets.xcassets in Resources */,
				AB3C87932941AE59002260B8 /* Main.storyboard in Resources */,
			);
			runOnlyForDeploymentPostprocessing = 0;
		};
/* End PBXResourcesBuildPhase section */

/* Begin PBXSourcesBuildPhase section */
		AB3C87842941AE59002260B8 /* Sources */ = {
			isa = PBXSourcesBuildPhase;
			buildActionMask = 2147483647;
			files = (
				AB3C87B72941C53D002260B8 /* GridViewController.swift in Sources */,
				AB3C87B32941C3FE002260B8 /* UIStackView+.swift in Sources */,
				AB3C87902941AE59002260B8 /* ListViewController.swift in Sources */,
				AB3C87B92941C8BE002260B8 /* GridCollectionViewCell.swift in Sources */,
				AB3C878C2941AE59002260B8 /* AppDelegate.swift in Sources */,
				AB3C87AB2941B48B002260B8 /* ListCollectionViewCell.swift in Sources */,
				AB3C878E2941AE59002260B8 /* SceneDelegate.swift in Sources */,
				AB3C87AF2941C3DF002260B8 /* UIView+.swift in Sources */,
				AB9103BB2946F02B00FD761A /* DistinctSectionViewController.swift in Sources */,
				AB9103BD2947772E00FD761A /* DataModel.swift in Sources */,
				AB3C87B12941C3EE002260B8 /* UIColor+.swift in Sources */,
			);
			runOnlyForDeploymentPostprocessing = 0;
		};
/* End PBXSourcesBuildPhase section */

/* Begin PBXVariantGroup section */
		AB3C87912941AE59002260B8 /* Main.storyboard */ = {
			isa = PBXVariantGroup;
			children = (
				AB3C87922941AE59002260B8 /* Base */,
			);
			name = Main.storyboard;
			sourceTree = "<group>";
		};
		AB3C87962941AE59002260B8 /* LaunchScreen.storyboard */ = {
			isa = PBXVariantGroup;
			children = (
				AB3C87972941AE59002260B8 /* Base */,
			);
			name = LaunchScreen.storyboard;
			sourceTree = "<group>";
		};
/* End PBXVariantGroup section */

/* Begin XCBuildConfiguration section */
		AB3C879A2941AE59002260B8 /* Debug */ = {
			isa = XCBuildConfiguration;
			buildSettings = {
				ALWAYS_SEARCH_USER_PATHS = NO;
				CLANG_ANALYZER_NONNULL = YES;
				CLANG_ANALYZER_NUMBER_OBJECT_CONVERSION = YES_AGGRESSIVE;
				CLANG_CXX_LANGUAGE_STANDARD = "gnu++20";
				CLANG_ENABLE_MODULES = YES;
				CLANG_ENABLE_OBJC_ARC = YES;
				CLANG_ENABLE_OBJC_WEAK = YES;
				CLANG_WARN_BLOCK_CAPTURE_AUTORELEASING = YES;
				CLANG_WARN_BOOL_CONVERSION = YES;
				CLANG_WARN_COMMA = YES;
				CLANG_WARN_CONSTANT_CONVERSION = YES;
				CLANG_WARN_DEPRECATED_OBJC_IMPLEMENTATIONS = YES;
				CLANG_WARN_DIRECT_OBJC_ISA_USAGE = YES_ERROR;
				CLANG_WARN_DOCUMENTATION_COMMENTS = YES;
				CLANG_WARN_EMPTY_BODY = YES;
				CLANG_WARN_ENUM_CONVERSION = YES;
				CLANG_WARN_INFINITE_RECURSION = YES;
				CLANG_WARN_INT_CONVERSION = YES;
				CLANG_WARN_NON_LITERAL_NULL_CONVERSION = YES;
				CLANG_WARN_OBJC_IMPLICIT_RETAIN_SELF = YES;
				CLANG_WARN_OBJC_LITERAL_CONVERSION = YES;
				CLANG_WARN_OBJC_ROOT_CLASS = YES_ERROR;
				CLANG_WARN_QUOTED_INCLUDE_IN_FRAMEWORK_HEADER = YES;
				CLANG_WARN_RANGE_LOOP_ANALYSIS = YES;
				CLANG_WARN_STRICT_PROTOTYPES = YES;
				CLANG_WARN_SUSPICIOUS_MOVE = YES;
				CLANG_WARN_UNGUARDED_AVAILABILITY = YES_AGGRESSIVE;
				CLANG_WARN_UNREACHABLE_CODE = YES;
				CLANG_WARN__DUPLICATE_METHOD_MATCH = YES;
				COPY_PHASE_STRIP = NO;
				DEBUG_INFORMATION_FORMAT = dwarf;
				ENABLE_STRICT_OBJC_MSGSEND = YES;
				ENABLE_TESTABILITY = YES;
				GCC_C_LANGUAGE_STANDARD = gnu11;
				GCC_DYNAMIC_NO_PIC = NO;
				GCC_NO_COMMON_BLOCKS = YES;
				GCC_OPTIMIZATION_LEVEL = 0;
				GCC_PREPROCESSOR_DEFINITIONS = (
					"DEBUG=1",
					"$(inherited)",
				);
				GCC_WARN_64_TO_32_BIT_CONVERSION = YES;
				GCC_WARN_ABOUT_RETURN_TYPE = YES_ERROR;
				GCC_WARN_UNDECLARED_SELECTOR = YES;
				GCC_WARN_UNINITIALIZED_AUTOS = YES_AGGRESSIVE;
				GCC_WARN_UNUSED_FUNCTION = YES;
				GCC_WARN_UNUSED_VARIABLE = YES;
				IPHONEOS_DEPLOYMENT_TARGET = 16.0;
				MTL_ENABLE_DEBUG_INFO = INCLUDE_SOURCE;
				MTL_FAST_MATH = YES;
				ONLY_ACTIVE_ARCH = YES;
				SDKROOT = iphoneos;
				SWIFT_ACTIVE_COMPILATION_CONDITIONS = DEBUG;
				SWIFT_OPTIMIZATION_LEVEL = "-Onone";
			};
			name = Debug;
		};
		AB3C879B2941AE59002260B8 /* Release */ = {
			isa = XCBuildConfiguration;
			buildSettings = {
				ALWAYS_SEARCH_USER_PATHS = NO;
				CLANG_ANALYZER_NONNULL = YES;
				CLANG_ANALYZER_NUMBER_OBJECT_CONVERSION = YES_AGGRESSIVE;
				CLANG_CXX_LANGUAGE_STANDARD = "gnu++20";
				CLANG_ENABLE_MODULES = YES;
				CLANG_ENABLE_OBJC_ARC = YES;
				CLANG_ENABLE_OBJC_WEAK = YES;
				CLANG_WARN_BLOCK_CAPTURE_AUTORELEASING = YES;
				CLANG_WARN_BOOL_CONVERSION = YES;
				CLANG_WARN_COMMA = YES;
				CLANG_WARN_CONSTANT_CONVERSION = YES;
				CLANG_WARN_DEPRECATED_OBJC_IMPLEMENTATIONS = YES;
				CLANG_WARN_DIRECT_OBJC_ISA_USAGE = YES_ERROR;
				CLANG_WARN_DOCUMENTATION_COMMENTS = YES;
				CLANG_WARN_EMPTY_BODY = YES;
				CLANG_WARN_ENUM_CONVERSION = YES;
				CLANG_WARN_INFINITE_RECURSION = YES;
				CLANG_WARN_INT_CONVERSION = YES;
				CLANG_WARN_NON_LITERAL_NULL_CONVERSION = YES;
				CLANG_WARN_OBJC_IMPLICIT_RETAIN_SELF = YES;
				CLANG_WARN_OBJC_LITERAL_CONVERSION = YES;
				CLANG_WARN_OBJC_ROOT_CLASS = YES_ERROR;
				CLANG_WARN_QUOTED_INCLUDE_IN_FRAMEWORK_HEADER = YES;
				CLANG_WARN_RANGE_LOOP_ANALYSIS = YES;
				CLANG_WARN_STRICT_PROTOTYPES = YES;
				CLANG_WARN_SUSPICIOUS_MOVE = YES;
				CLANG_WARN_UNGUARDED_AVAILABILITY = YES_AGGRESSIVE;
				CLANG_WARN_UNREACHABLE_CODE = YES;
				CLANG_WARN__DUPLICATE_METHOD_MATCH = YES;
				COPY_PHASE_STRIP = NO;
				DEBUG_INFORMATION_FORMAT = "dwarf-with-dsym";
				ENABLE_NS_ASSERTIONS = NO;
				ENABLE_STRICT_OBJC_MSGSEND = YES;
				GCC_C_LANGUAGE_STANDARD = gnu11;
				GCC_NO_COMMON_BLOCKS = YES;
				GCC_WARN_64_TO_32_BIT_CONVERSION = YES;
				GCC_WARN_ABOUT_RETURN_TYPE = YES_ERROR;
				GCC_WARN_UNDECLARED_SELECTOR = YES;
				GCC_WARN_UNINITIALIZED_AUTOS = YES_AGGRESSIVE;
				GCC_WARN_UNUSED_FUNCTION = YES;
				GCC_WARN_UNUSED_VARIABLE = YES;
				IPHONEOS_DEPLOYMENT_TARGET = 16.0;
				MTL_ENABLE_DEBUG_INFO = NO;
				MTL_FAST_MATH = YES;
				SDKROOT = iphoneos;
				SWIFT_COMPILATION_MODE = wholemodule;
				SWIFT_OPTIMIZATION_LEVEL = "-O";
				VALIDATE_PRODUCT = YES;
			};
			name = Release;
		};
		AB3C879D2941AE59002260B8 /* Debug */ = {
			isa = XCBuildConfiguration;
			buildSettings = {
				ASSETCATALOG_COMPILER_APPICON_NAME = AppIcon;
				ASSETCATALOG_COMPILER_GLOBAL_ACCENT_COLOR_NAME = AccentColor;
				CODE_SIGN_STYLE = Automatic;
				CURRENT_PROJECT_VERSION = 1;
				DEVELOPMENT_TEAM = N3H5YNSQ64;
				GENERATE_INFOPLIST_FILE = YES;
				INFOPLIST_FILE = "Compositional-Layout/Info.plist";
				INFOPLIST_KEY_UIApplicationSupportsIndirectInputEvents = YES;
				INFOPLIST_KEY_UILaunchStoryboardName = LaunchScreen;
				INFOPLIST_KEY_UIMainStoryboardFile = Main;
				INFOPLIST_KEY_UISupportedInterfaceOrientations_iPad = "UIInterfaceOrientationPortrait UIInterfaceOrientationPortraitUpsideDown UIInterfaceOrientationLandscapeLeft UIInterfaceOrientationLandscapeRight";
				INFOPLIST_KEY_UISupportedInterfaceOrientations_iPhone = "UIInterfaceOrientationPortrait UIInterfaceOrientationLandscapeLeft UIInterfaceOrientationLandscapeRight";
				LD_RUNPATH_SEARCH_PATHS = (
					"$(inherited)",
					"@executable_path/Frameworks",
				);
				MARKETING_VERSION = 1.0;
				PRODUCT_BUNDLE_IDENTIFIER = "min.Compositional-Layout";
				PRODUCT_NAME = "$(TARGET_NAME)";
				SWIFT_EMIT_LOC_STRINGS = YES;
				SWIFT_VERSION = 5.0;
				TARGETED_DEVICE_FAMILY = "1,2";
			};
			name = Debug;
		};
		AB3C879E2941AE59002260B8 /* Release */ = {
			isa = XCBuildConfiguration;
			buildSettings = {
				ASSETCATALOG_COMPILER_APPICON_NAME = AppIcon;
				ASSETCATALOG_COMPILER_GLOBAL_ACCENT_COLOR_NAME = AccentColor;
				CODE_SIGN_STYLE = Automatic;
				CURRENT_PROJECT_VERSION = 1;
				DEVELOPMENT_TEAM = N3H5YNSQ64;
				GENERATE_INFOPLIST_FILE = YES;
				INFOPLIST_FILE = "Compositional-Layout/Info.plist";
				INFOPLIST_KEY_UIApplicationSupportsIndirectInputEvents = YES;
				INFOPLIST_KEY_UILaunchStoryboardName = LaunchScreen;
				INFOPLIST_KEY_UIMainStoryboardFile = Main;
				INFOPLIST_KEY_UISupportedInterfaceOrientations_iPad = "UIInterfaceOrientationPortrait UIInterfaceOrientationPortraitUpsideDown UIInterfaceOrientationLandscapeLeft UIInterfaceOrientationLandscapeRight";
				INFOPLIST_KEY_UISupportedInterfaceOrientations_iPhone = "UIInterfaceOrientationPortrait UIInterfaceOrientationLandscapeLeft UIInterfaceOrientationLandscapeRight";
				LD_RUNPATH_SEARCH_PATHS = (
					"$(inherited)",
					"@executable_path/Frameworks",
				);
				MARKETING_VERSION = 1.0;
				PRODUCT_BUNDLE_IDENTIFIER = "min.Compositional-Layout";
				PRODUCT_NAME = "$(TARGET_NAME)";
				SWIFT_EMIT_LOC_STRINGS = YES;
				SWIFT_VERSION = 5.0;
				TARGETED_DEVICE_FAMILY = "1,2";
			};
			name = Release;
		};
/* End XCBuildConfiguration section */

/* Begin XCConfigurationList section */
		AB3C87832941AE59002260B8 /* Build configuration list for PBXProject "Compositional-Layout" */ = {
			isa = XCConfigurationList;
			buildConfigurations = (
				AB3C879A2941AE59002260B8 /* Debug */,
				AB3C879B2941AE59002260B8 /* Release */,
			);
			defaultConfigurationIsVisible = 0;
			defaultConfigurationName = Release;
		};
		AB3C879C2941AE59002260B8 /* Build configuration list for PBXNativeTarget "Compositional-Layout" */ = {
			isa = XCConfigurationList;
			buildConfigurations = (
				AB3C879D2941AE59002260B8 /* Debug */,
				AB3C879E2941AE59002260B8 /* Release */,
			);
			defaultConfigurationIsVisible = 0;
			defaultConfigurationName = Release;
		};
/* End XCConfigurationList section */

/* Begin XCRemoteSwiftPackageReference section */
		AB3C87A42941AF6C002260B8 /* XCRemoteSwiftPackageReference "SnapKit" */ = {
			isa = XCRemoteSwiftPackageReference;
			repositoryURL = "https://github.com/SnapKit/SnapKit";
			requirement = {
				kind = upToNextMajorVersion;
				minimumVersion = 5.0.0;
			};
		};
		AB3C87A72941AF74002260B8 /* XCRemoteSwiftPackageReference "Then" */ = {
			isa = XCRemoteSwiftPackageReference;
			repositoryURL = "https://github.com/devxoul/Then";
			requirement = {
				branch = master;
				kind = branch;
			};
		};
/* End XCRemoteSwiftPackageReference section */

/* Begin XCSwiftPackageProductDependency section */
		AB3C87A52941AF6C002260B8 /* SnapKit */ = {
			isa = XCSwiftPackageProductDependency;
			package = AB3C87A42941AF6C002260B8 /* XCRemoteSwiftPackageReference "SnapKit" */;
			productName = SnapKit;
		};
		AB3C87A82941AF74002260B8 /* Then */ = {
			isa = XCSwiftPackageProductDependency;
			package = AB3C87A72941AF74002260B8 /* XCRemoteSwiftPackageReference "Then" */;
			productName = Then;
		};
/* End XCSwiftPackageProductDependency section */
	};
	rootObject = AB3C87802941AE59002260B8 /* Project object */;
}
