// !$*UTF8*$!
{
	archiveVersion = 1;
	classes = {
	};
	objectVersion = 56;
	objects = {

/* Begin PBXBuildFile section */
		AB0BB6472C2D6E7A00352256 /* ChatDBRepository.swift in Sources */ = {isa = PBXBuildFile; fileRef = AB0BB6462C2D6E7A00352256 /* ChatDBRepository.swift */; };
		AB0BB6492C2D6EC600352256 /* ChatObject.swift in Sources */ = {isa = PBXBuildFile; fileRef = AB0BB6482C2D6EC600352256 /* ChatObject.swift */; };
		AB0BB64B2C2D703F00352256 /* ChatService.swift in Sources */ = {isa = PBXBuildFile; fileRef = AB0BB64A2C2D703F00352256 /* ChatService.swift */; };
		AB0BB64E2C2D7EEC00352256 /* ChatImageItemView.swift in Sources */ = {isa = PBXBuildFile; fileRef = AB0BB64D2C2D7EEC00352256 /* ChatImageItemView.swift */; };
		AB0BB6512C2DA8F000352256 /* FirebaseMessaging in Frameworks */ = {isa = PBXBuildFile; productRef = AB0BB6502C2DA8F000352256 /* FirebaseMessaging */; };
		AB0BB6552C2DAB9200352256 /* PushNotificationService.swift in Sources */ = {isa = PBXBuildFile; fileRef = AB0BB6542C2DAB9200352256 /* PushNotificationService.swift */; };
		AB34167B2C231C4900698844 /* ChattingAppApp.swift in Sources */ = {isa = PBXBuildFile; fileRef = AB34167A2C231C4900698844 /* ChattingAppApp.swift */; };
		AB34167D2C231C4900698844 /* AuthenticatedView.swift in Sources */ = {isa = PBXBuildFile; fileRef = AB34167C2C231C4900698844 /* AuthenticatedView.swift */; };
		AB3416822C231C4A00698844 /* Preview Assets.xcassets in Resources */ = {isa = PBXBuildFile; fileRef = AB3416812C231C4A00698844 /* Preview Assets.xcassets */; };
		AB34168C2C231C4B00698844 /* ChattingAppTests.swift in Sources */ = {isa = PBXBuildFile; fileRef = AB34168B2C231C4B00698844 /* ChattingAppTests.swift */; };
		AB3416962C231C4B00698844 /* ChattingAppUITests.swift in Sources */ = {isa = PBXBuildFile; fileRef = AB3416952C231C4B00698844 /* ChattingAppUITests.swift */; };
		AB3416982C231C4B00698844 /* ChattingAppUITestsLaunchTests.swift in Sources */ = {isa = PBXBuildFile; fileRef = AB3416972C231C4B00698844 /* ChattingAppUITestsLaunchTests.swift */; };
		AB48E8AB2C2BFC42001B8CB9 /* OthrerProfileMenuType.swift in Sources */ = {isa = PBXBuildFile; fileRef = AB48E8AA2C2BFC42001B8CB9 /* OthrerProfileMenuType.swift */; };
		AB48E8AE2C2BFDF7001B8CB9 /* ChatRoomDBRepository.swift in Sources */ = {isa = PBXBuildFile; fileRef = AB48E8AD2C2BFDF7001B8CB9 /* ChatRoomDBRepository.swift */; };
		AB48E8B02C2BFE45001B8CB9 /* ChatRoomObject.swift in Sources */ = {isa = PBXBuildFile; fileRef = AB48E8AF2C2BFE45001B8CB9 /* ChatRoomObject.swift */; };
		AB48E8B42C2BFF8E001B8CB9 /* ChatRoomService.swift in Sources */ = {isa = PBXBuildFile; fileRef = AB48E8B32C2BFF8E001B8CB9 /* ChatRoomService.swift */; };
		AB48E8B62C2C01FD001B8CB9 /* ChatRoom.swift in Sources */ = {isa = PBXBuildFile; fileRef = AB48E8B52C2C01FD001B8CB9 /* ChatRoom.swift */; };
		AB48E8B92C2C05F8001B8CB9 /* NavigationDestination.swift in Sources */ = {isa = PBXBuildFile; fileRef = AB48E8B82C2C05F8001B8CB9 /* NavigationDestination.swift */; };
		AB48E8BB2C2C0616001B8CB9 /* NavigationRouter.swift in Sources */ = {isa = PBXBuildFile; fileRef = AB48E8BA2C2C0616001B8CB9 /* NavigationRouter.swift */; };
		AB48E8BF2C2C0787001B8CB9 /* ChatView.swift in Sources */ = {isa = PBXBuildFile; fileRef = AB48E8BE2C2C0787001B8CB9 /* ChatView.swift */; };
		AB48E8C12C2C078E001B8CB9 /* SearchView.swift in Sources */ = {isa = PBXBuildFile; fileRef = AB48E8C02C2C078E001B8CB9 /* SearchView.swift */; };
		AB48E8C32C2C0CB6001B8CB9 /* ChatListView.swift in Sources */ = {isa = PBXBuildFile; fileRef = AB48E8C22C2C0CB6001B8CB9 /* ChatListView.swift */; };
		AB48E8C52C2C0CE2001B8CB9 /* ChatListViewModel.swift in Sources */ = {isa = PBXBuildFile; fileRef = AB48E8C42C2C0CE2001B8CB9 /* ChatListViewModel.swift */; };
		AB48E8C72C2C0E59001B8CB9 /* SearchButton.swift in Sources */ = {isa = PBXBuildFile; fileRef = AB48E8C62C2C0E59001B8CB9 /* SearchButton.swift */; };
		AB48E8C92C2C0EF1001B8CB9 /* NavigationRoutingView.swift in Sources */ = {isa = PBXBuildFile; fileRef = AB48E8C82C2C0EF1001B8CB9 /* NavigationRoutingView.swift */; };
		AB48E8CB2C2C3702001B8CB9 /* ChatViewModel.swift in Sources */ = {isa = PBXBuildFile; fileRef = AB48E8CA2C2C3702001B8CB9 /* ChatViewModel.swift */; };
		AB48E8CD2C2C3A17001B8CB9 /* Chat.swift in Sources */ = {isa = PBXBuildFile; fileRef = AB48E8CC2C2C3A17001B8CB9 /* Chat.swift */; };
		AB48E8CF2C2C3AF3001B8CB9 /* ChatData.swift in Sources */ = {isa = PBXBuildFile; fileRef = AB48E8CE2C2C3AF3001B8CB9 /* ChatData.swift */; };
		AB48E8D12C2C3B9D001B8CB9 /* Date+Extension.swift in Sources */ = {isa = PBXBuildFile; fileRef = AB48E8D02C2C3B9D001B8CB9 /* Date+Extension.swift */; };
		AB48E8D32C2C3E78001B8CB9 /* ChatItemView.swift in Sources */ = {isa = PBXBuildFile; fileRef = AB48E8D22C2C3E78001B8CB9 /* ChatItemView.swift */; };
		AB48E8D52C2C3EA2001B8CB9 /* ChatItemDirection.swift in Sources */ = {isa = PBXBuildFile; fileRef = AB48E8D42C2C3EA2001B8CB9 /* ChatItemDirection.swift */; };
		AB48E8D72C2C5472001B8CB9 /* KeyboardToolbar.swift in Sources */ = {isa = PBXBuildFile; fileRef = AB48E8D62C2C5472001B8CB9 /* KeyboardToolbar.swift */; };
		AB58AAF22C233E430070420B /* LaunchScreen.storyboard in Resources */ = {isa = PBXBuildFile; fileRef = AB58AAF12C233E430070420B /* LaunchScreen.storyboard */; };
		AB58AAF42C233EB30070420B /* Colors.xcassets in Resources */ = {isa = PBXBuildFile; fileRef = AB58AAF32C233EB30070420B /* Colors.xcassets */; };
		AB58AAFB2C2340BF0070420B /* DIContainer.swift in Sources */ = {isa = PBXBuildFile; fileRef = AB58AAFA2C2340BF0070420B /* DIContainer.swift */; };
		AB58AAFE2C2340E10070420B /* Services.swift in Sources */ = {isa = PBXBuildFile; fileRef = AB58AAFD2C2340E10070420B /* Services.swift */; };
		AB58AB002C23415F0070420B /* AuthenticationViewModel.swift in Sources */ = {isa = PBXBuildFile; fileRef = AB58AAFF2C23415F0070420B /* AuthenticationViewModel.swift */; };
		AB58AB072C243D6E0070420B /* FirebaseAuth in Frameworks */ = {isa = PBXBuildFile; productRef = AB58AB062C243D6E0070420B /* FirebaseAuth */; };
		AB58AB092C243E260070420B /* AppDelegate.swift in Sources */ = {isa = PBXBuildFile; fileRef = AB58AB082C243E260070420B /* AppDelegate.swift */; };
		AB58AB0B2C243EB60070420B /* GoogleService-Info.plist in Resources */ = {isa = PBXBuildFile; fileRef = AB58AB0A2C243EB60070420B /* GoogleService-Info.plist */; };
		AB58AB0E2C243F980070420B /* AuthService.swift in Sources */ = {isa = PBXBuildFile; fileRef = AB58AB0D2C243F980070420B /* AuthService.swift */; };
		AB58AB122C2442390070420B /* LoginIntroView.swift in Sources */ = {isa = PBXBuildFile; fileRef = AB58AB112C2442390070420B /* LoginIntroView.swift */; };
		AB58AB142C2442420070420B /* MainTabView.swift in Sources */ = {isa = PBXBuildFile; fileRef = AB58AB132C2442420070420B /* MainTabView.swift */; };
		AB58AB162C2442C40070420B /* LoginView.swift in Sources */ = {isa = PBXBuildFile; fileRef = AB58AB152C2442C40070420B /* LoginView.swift */; };
		AB58AB182C2443000070420B /* LoginButtonStyle.swift in Sources */ = {isa = PBXBuildFile; fileRef = AB58AB172C2443000070420B /* LoginButtonStyle.swift */; };
		AB58AB1B2C24491B0070420B /* GoogleSignIn in Frameworks */ = {isa = PBXBuildFile; productRef = AB58AB1A2C24491B0070420B /* GoogleSignIn */; };
		AB58AB1E2C244AE00070420B /* User.swift in Sources */ = {isa = PBXBuildFile; fileRef = AB58AB1D2C244AE00070420B /* User.swift */; };
		AB58AB212C244B1E0070420B /* ServiceError.swift in Sources */ = {isa = PBXBuildFile; fileRef = AB58AB202C244B1E0070420B /* ServiceError.swift */; };
		AB58AB302C2528AB0070420B /* SHA256.swift in Sources */ = {isa = PBXBuildFile; fileRef = AB58AB2E2C2528AA0070420B /* SHA256.swift */; };
		AB58AB312C2528AB0070420B /* RandomNounceString.swift in Sources */ = {isa = PBXBuildFile; fileRef = AB58AB2F2C2528AB0070420B /* RandomNounceString.swift */; };
		AB685A902C2BE73A009DF6B3 /* ImageCacheService.swift in Sources */ = {isa = PBXBuildFile; fileRef = AB685A8F2C2BE73A009DF6B3 /* ImageCacheService.swift */; };
		AB685A932C2BE7C1009DF6B3 /* MemoryStorage.swift in Sources */ = {isa = PBXBuildFile; fileRef = AB685A922C2BE7C1009DF6B3 /* MemoryStorage.swift */; };
		AB685A952C2BE8A6009DF6B3 /* DiskStorage.swift in Sources */ = {isa = PBXBuildFile; fileRef = AB685A942C2BE8A6009DF6B3 /* DiskStorage.swift */; };
		AB685A972C2BEFB4009DF6B3 /* URLInnerImageView.swift in Sources */ = {isa = PBXBuildFile; fileRef = AB685A962C2BEFB4009DF6B3 /* URLInnerImageView.swift */; };
		AB685A9A2C2BEFD1009DF6B3 /* URLImageViewModel.swift in Sources */ = {isa = PBXBuildFile; fileRef = AB685A992C2BEFD1009DF6B3 /* URLImageViewModel.swift */; };
		AB685A9E2C2BFAFA009DF6B3 /* OtherProfileViewModel.swift in Sources */ = {isa = PBXBuildFile; fileRef = AB685A9D2C2BFAFA009DF6B3 /* OtherProfileViewModel.swift */; };
		ABE864502C2AE57C00904AA9 /* Assets.xcassets in Resources */ = {isa = PBXBuildFile; fileRef = ABE8644F2C2AE57C00904AA9 /* Assets.xcassets */; };
		ABE864522C2AF1F200904AA9 /* MyProfileViewModel.swift in Sources */ = {isa = PBXBuildFile; fileRef = ABE864512C2AF1F200904AA9 /* MyProfileViewModel.swift */; };
		ABE864542C2B150500904AA9 /* MyProfileMenuType.swift in Sources */ = {isa = PBXBuildFile; fileRef = ABE864532C2B150500904AA9 /* MyProfileMenuType.swift */; };
		ABE864562C2B197800904AA9 /* MyProfileDescriptionEditView.swift in Sources */ = {isa = PBXBuildFile; fileRef = ABE864552C2B197800904AA9 /* MyProfileDescriptionEditView.swift */; };
		ABE864582C2B20D200904AA9 /* PhotoPickerService.swift in Sources */ = {isa = PBXBuildFile; fileRef = ABE864572C2B20D200904AA9 /* PhotoPickerService.swift */; };
		ABE8645B2C2B21DA00904AA9 /* PhotoImage.swift in Sources */ = {isa = PBXBuildFile; fileRef = ABE8645A2C2B21DA00904AA9 /* PhotoImage.swift */; };
		ABE8645D2C2B220000904AA9 /* PhotoPickerError.swift in Sources */ = {isa = PBXBuildFile; fileRef = ABE8645C2C2B220000904AA9 /* PhotoPickerError.swift */; };
		ABE8645F2C2B246800904AA9 /* FirebaseStorage in Frameworks */ = {isa = PBXBuildFile; productRef = ABE8645E2C2B246800904AA9 /* FirebaseStorage */; };
		ABE864612C2B246800904AA9 /* FirebaseStorageCombine-Community in Frameworks */ = {isa = PBXBuildFile; productRef = ABE864602C2B246800904AA9 /* FirebaseStorageCombine-Community */; };
		ABE864652C2B24A700904AA9 /* UploadProvider.swift in Sources */ = {isa = PBXBuildFile; fileRef = ABE864642C2B24A700904AA9 /* UploadProvider.swift */; };
		ABE864672C2B258C00904AA9 /* UploadService.swift in Sources */ = {isa = PBXBuildFile; fileRef = ABE864662C2B258C00904AA9 /* UploadService.swift */; };
		ABE8646A2C2B262200904AA9 /* UploadSourceType.swift in Sources */ = {isa = PBXBuildFile; fileRef = ABE864692C2B262200904AA9 /* UploadSourceType.swift */; };
		ABF79DDB2C28364E00212DA5 /* MainTabType.swift in Sources */ = {isa = PBXBuildFile; fileRef = ABF79DDA2C28364E00212DA5 /* MainTabType.swift */; };
		ABF79DDE2C28372100212DA5 /* HomeViewModel.swift in Sources */ = {isa = PBXBuildFile; fileRef = ABF79DDD2C28372100212DA5 /* HomeViewModel.swift */; };
		ABF79DE02C28372F00212DA5 /* HomeView.swift in Sources */ = {isa = PBXBuildFile; fileRef = ABF79DDF2C28372F00212DA5 /* HomeView.swift */; };
		ABF79DE32C283B8100212DA5 /* FirebaseDatabase in Frameworks */ = {isa = PBXBuildFile; productRef = ABF79DE22C283B8100212DA5 /* FirebaseDatabase */; };
		ABF79DE62C28438B00212DA5 /* UserDBRepository.swift in Sources */ = {isa = PBXBuildFile; fileRef = ABF79DE52C28438B00212DA5 /* UserDBRepository.swift */; };
		ABF79DE82C2843B600212DA5 /* UserService.swift in Sources */ = {isa = PBXBuildFile; fileRef = ABF79DE72C2843B600212DA5 /* UserService.swift */; };
		ABF79DEB2C2844A800212DA5 /* UserObject.swift in Sources */ = {isa = PBXBuildFile; fileRef = ABF79DEA2C2844A800212DA5 /* UserObject.swift */; };
		ABF79DEE2C2844CF00212DA5 /* DBError.swift in Sources */ = {isa = PBXBuildFile; fileRef = ABF79DED2C2844CF00212DA5 /* DBError.swift */; };
		ABF79DF02C28469200212DA5 /* Constant.swift in Sources */ = {isa = PBXBuildFile; fileRef = ABF79DEF2C28469200212DA5 /* Constant.swift */; };
		ABF79DF22C285B6900212DA5 /* Phase.swift in Sources */ = {isa = PBXBuildFile; fileRef = ABF79DF12C285B6900212DA5 /* Phase.swift */; };
		ABF79DF52C285C5800212DA5 /* PlaceholderView.swift in Sources */ = {isa = PBXBuildFile; fileRef = ABF79DF42C285C5800212DA5 /* PlaceholderView.swift */; };
		ABF79DF72C285C8000212DA5 /* LoadingView.swift in Sources */ = {isa = PBXBuildFile; fileRef = ABF79DF62C285C8000212DA5 /* LoadingView.swift */; };
		ABF79DF92C285CE100212DA5 /* ErrorView.swift in Sources */ = {isa = PBXBuildFile; fileRef = ABF79DF82C285CE100212DA5 /* ErrorView.swift */; };
		ABF79DFB2C285DD200212DA5 /* HomeModalDestination.swift in Sources */ = {isa = PBXBuildFile; fileRef = ABF79DFA2C285DD200212DA5 /* HomeModalDestination.swift */; };
		ABF79DFE2C285E6600212DA5 /* MyProfileView.swift in Sources */ = {isa = PBXBuildFile; fileRef = ABF79DFD2C285E6600212DA5 /* MyProfileView.swift */; };
		ABF79E002C285E7100212DA5 /* OtherProfileView.swift in Sources */ = {isa = PBXBuildFile; fileRef = ABF79DFF2C285E7100212DA5 /* OtherProfileView.swift */; };
		ABF79E022C28693500212DA5 /* ContactService.swift in Sources */ = {isa = PBXBuildFile; fileRef = ABF79E012C28693500212DA5 /* ContactService.swift */; };
/* End PBXBuildFile section */

/* Begin PBXContainerItemProxy section */
		AB3416882C231C4B00698844 /* PBXContainerItemProxy */ = {
			isa = PBXContainerItemProxy;
			containerPortal = AB34166F2C231C4900698844 /* Project object */;
			proxyType = 1;
			remoteGlobalIDString = AB3416762C231C4900698844;
			remoteInfo = ChattingApp;
		};
		AB3416922C231C4B00698844 /* PBXContainerItemProxy */ = {
			isa = PBXContainerItemProxy;
			containerPortal = AB34166F2C231C4900698844 /* Project object */;
			proxyType = 1;
			remoteGlobalIDString = AB3416762C231C4900698844;
			remoteInfo = ChattingApp;
		};
/* End PBXContainerItemProxy section */

/* Begin PBXFileReference section */
		AB0BB6462C2D6E7A00352256 /* ChatDBRepository.swift */ = {isa = PBXFileReference; lastKnownFileType = sourcecode.swift; path = ChatDBRepository.swift; sourceTree = "<group>"; };
		AB0BB6482C2D6EC600352256 /* ChatObject.swift */ = {isa = PBXFileReference; lastKnownFileType = sourcecode.swift; path = ChatObject.swift; sourceTree = "<group>"; };
		AB0BB64A2C2D703F00352256 /* ChatService.swift */ = {isa = PBXFileReference; lastKnownFileType = sourcecode.swift; path = ChatService.swift; sourceTree = "<group>"; };
		AB0BB64D2C2D7EEC00352256 /* ChatImageItemView.swift */ = {isa = PBXFileReference; lastKnownFileType = sourcecode.swift; path = ChatImageItemView.swift; sourceTree = "<group>"; };
		AB0BB6542C2DAB9200352256 /* PushNotificationService.swift */ = {isa = PBXFileReference; lastKnownFileType = sourcecode.swift; path = PushNotificationService.swift; sourceTree = "<group>"; };
		AB3416772C231C4900698844 /* ChattingApp.app */ = {isa = PBXFileReference; explicitFileType = wrapper.application; includeInIndex = 0; path = ChattingApp.app; sourceTree = BUILT_PRODUCTS_DIR; };
		AB34167A2C231C4900698844 /* ChattingAppApp.swift */ = {isa = PBXFileReference; lastKnownFileType = sourcecode.swift; path = ChattingAppApp.swift; sourceTree = "<group>"; };
		AB34167C2C231C4900698844 /* AuthenticatedView.swift */ = {isa = PBXFileReference; lastKnownFileType = sourcecode.swift; path = AuthenticatedView.swift; sourceTree = "<group>"; };
		AB3416812C231C4A00698844 /* Preview Assets.xcassets */ = {isa = PBXFileReference; lastKnownFileType = folder.assetcatalog; path = "Preview Assets.xcassets"; sourceTree = "<group>"; };
		AB3416872C231C4B00698844 /* ChattingAppTests.xctest */ = {isa = PBXFileReference; explicitFileType = wrapper.cfbundle; includeInIndex = 0; path = ChattingAppTests.xctest; sourceTree = BUILT_PRODUCTS_DIR; };
		AB34168B2C231C4B00698844 /* ChattingAppTests.swift */ = {isa = PBXFileReference; lastKnownFileType = sourcecode.swift; path = ChattingAppTests.swift; sourceTree = "<group>"; };
		AB3416912C231C4B00698844 /* ChattingAppUITests.xctest */ = {isa = PBXFileReference; explicitFileType = wrapper.cfbundle; includeInIndex = 0; path = ChattingAppUITests.xctest; sourceTree = BUILT_PRODUCTS_DIR; };
		AB3416952C231C4B00698844 /* ChattingAppUITests.swift */ = {isa = PBXFileReference; lastKnownFileType = sourcecode.swift; path = ChattingAppUITests.swift; sourceTree = "<group>"; };
		AB3416972C231C4B00698844 /* ChattingAppUITestsLaunchTests.swift */ = {isa = PBXFileReference; lastKnownFileType = sourcecode.swift; path = ChattingAppUITestsLaunchTests.swift; sourceTree = "<group>"; };
		AB48E8AA2C2BFC42001B8CB9 /* OthrerProfileMenuType.swift */ = {isa = PBXFileReference; lastKnownFileType = sourcecode.swift; path = OthrerProfileMenuType.swift; sourceTree = "<group>"; };
		AB48E8AD2C2BFDF7001B8CB9 /* ChatRoomDBRepository.swift */ = {isa = PBXFileReference; lastKnownFileType = sourcecode.swift; path = ChatRoomDBRepository.swift; sourceTree = "<group>"; };
		AB48E8AF2C2BFE45001B8CB9 /* ChatRoomObject.swift */ = {isa = PBXFileReference; lastKnownFileType = sourcecode.swift; path = ChatRoomObject.swift; sourceTree = "<group>"; };
		AB48E8B32C2BFF8E001B8CB9 /* ChatRoomService.swift */ = {isa = PBXFileReference; lastKnownFileType = sourcecode.swift; path = ChatRoomService.swift; sourceTree = "<group>"; };
		AB48E8B52C2C01FD001B8CB9 /* ChatRoom.swift */ = {isa = PBXFileReference; lastKnownFileType = sourcecode.swift; path = ChatRoom.swift; sourceTree = "<group>"; };
		AB48E8B82C2C05F8001B8CB9 /* NavigationDestination.swift */ = {isa = PBXFileReference; lastKnownFileType = sourcecode.swift; path = NavigationDestination.swift; sourceTree = "<group>"; };
		AB48E8BA2C2C0616001B8CB9 /* NavigationRouter.swift */ = {isa = PBXFileReference; lastKnownFileType = sourcecode.swift; path = NavigationRouter.swift; sourceTree = "<group>"; };
		AB48E8BE2C2C0787001B8CB9 /* ChatView.swift */ = {isa = PBXFileReference; lastKnownFileType = sourcecode.swift; path = ChatView.swift; sourceTree = "<group>"; };
		AB48E8C02C2C078E001B8CB9 /* SearchView.swift */ = {isa = PBXFileReference; lastKnownFileType = sourcecode.swift; path = SearchView.swift; sourceTree = "<group>"; };
		AB48E8C22C2C0CB6001B8CB9 /* ChatListView.swift */ = {isa = PBXFileReference; lastKnownFileType = sourcecode.swift; path = ChatListView.swift; sourceTree = "<group>"; };
		AB48E8C42C2C0CE2001B8CB9 /* ChatListViewModel.swift */ = {isa = PBXFileReference; lastKnownFileType = sourcecode.swift; path = ChatListViewModel.swift; sourceTree = "<group>"; };
		AB48E8C62C2C0E59001B8CB9 /* SearchButton.swift */ = {isa = PBXFileReference; lastKnownFileType = sourcecode.swift; path = SearchButton.swift; sourceTree = "<group>"; };
		AB48E8C82C2C0EF1001B8CB9 /* NavigationRoutingView.swift */ = {isa = PBXFileReference; lastKnownFileType = sourcecode.swift; path = NavigationRoutingView.swift; sourceTree = "<group>"; };
		AB48E8CA2C2C3702001B8CB9 /* ChatViewModel.swift */ = {isa = PBXFileReference; lastKnownFileType = sourcecode.swift; path = ChatViewModel.swift; sourceTree = "<group>"; };
		AB48E8CC2C2C3A17001B8CB9 /* Chat.swift */ = {isa = PBXFileReference; lastKnownFileType = sourcecode.swift; path = Chat.swift; sourceTree = "<group>"; };
		AB48E8CE2C2C3AF3001B8CB9 /* ChatData.swift */ = {isa = PBXFileReference; lastKnownFileType = sourcecode.swift; path = ChatData.swift; sourceTree = "<group>"; };
		AB48E8D02C2C3B9D001B8CB9 /* Date+Extension.swift */ = {isa = PBXFileReference; lastKnownFileType = sourcecode.swift; path = "Date+Extension.swift"; sourceTree = "<group>"; };
		AB48E8D22C2C3E78001B8CB9 /* ChatItemView.swift */ = {isa = PBXFileReference; lastKnownFileType = sourcecode.swift; path = ChatItemView.swift; sourceTree = "<group>"; };
		AB48E8D42C2C3EA2001B8CB9 /* ChatItemDirection.swift */ = {isa = PBXFileReference; lastKnownFileType = sourcecode.swift; path = ChatItemDirection.swift; sourceTree = "<group>"; };
		AB48E8D62C2C5472001B8CB9 /* KeyboardToolbar.swift */ = {isa = PBXFileReference; lastKnownFileType = sourcecode.swift; path = KeyboardToolbar.swift; sourceTree = "<group>"; };
		AB58AAF12C233E430070420B /* LaunchScreen.storyboard */ = {isa = PBXFileReference; lastKnownFileType = file.storyboard; path = LaunchScreen.storyboard; sourceTree = "<group>"; };
		AB58AAF32C233EB30070420B /* Colors.xcassets */ = {isa = PBXFileReference; lastKnownFileType = folder.assetcatalog; path = Colors.xcassets; sourceTree = "<group>"; };
		AB58AAF62C233F510070420B /* Color+Extension.swift */ = {isa = PBXFileReference; lastKnownFileType = sourcecode.swift; path = "Color+Extension.swift"; sourceTree = "<group>"; };
		AB58AAFA2C2340BF0070420B /* DIContainer.swift */ = {isa = PBXFileReference; lastKnownFileType = sourcecode.swift; path = DIContainer.swift; sourceTree = "<group>"; };
		AB58AAFD2C2340E10070420B /* Services.swift */ = {isa = PBXFileReference; lastKnownFileType = sourcecode.swift; path = Services.swift; sourceTree = "<group>"; };
		AB58AAFF2C23415F0070420B /* AuthenticationViewModel.swift */ = {isa = PBXFileReference; lastKnownFileType = sourcecode.swift; path = AuthenticationViewModel.swift; sourceTree = "<group>"; };
		AB58AB082C243E260070420B /* AppDelegate.swift */ = {isa = PBXFileReference; lastKnownFileType = sourcecode.swift; path = AppDelegate.swift; sourceTree = "<group>"; };
		AB58AB0A2C243EB60070420B /* GoogleService-Info.plist */ = {isa = PBXFileReference; fileEncoding = 4; lastKnownFileType = text.plist.xml; path = "GoogleService-Info.plist"; sourceTree = "<group>"; };
		AB58AB0C2C243EE00070420B /* Info.plist */ = {isa = PBXFileReference; lastKnownFileType = text.plist; path = Info.plist; sourceTree = "<group>"; };
		AB58AB0D2C243F980070420B /* AuthService.swift */ = {isa = PBXFileReference; lastKnownFileType = sourcecode.swift; path = AuthService.swift; sourceTree = "<group>"; };
		AB58AB112C2442390070420B /* LoginIntroView.swift */ = {isa = PBXFileReference; lastKnownFileType = sourcecode.swift; path = LoginIntroView.swift; sourceTree = "<group>"; };
		AB58AB132C2442420070420B /* MainTabView.swift */ = {isa = PBXFileReference; lastKnownFileType = sourcecode.swift; path = MainTabView.swift; sourceTree = "<group>"; };
		AB58AB152C2442C40070420B /* LoginView.swift */ = {isa = PBXFileReference; lastKnownFileType = sourcecode.swift; path = LoginView.swift; sourceTree = "<group>"; };
		AB58AB172C2443000070420B /* LoginButtonStyle.swift */ = {isa = PBXFileReference; lastKnownFileType = sourcecode.swift; path = LoginButtonStyle.swift; sourceTree = "<group>"; };
		AB58AB1D2C244AE00070420B /* User.swift */ = {isa = PBXFileReference; lastKnownFileType = sourcecode.swift; path = User.swift; sourceTree = "<group>"; };
		AB58AB202C244B1E0070420B /* ServiceError.swift */ = {isa = PBXFileReference; lastKnownFileType = sourcecode.swift; path = ServiceError.swift; sourceTree = "<group>"; };
		AB58AB2C2C2524F70070420B /* ChattingApp.entitlements */ = {isa = PBXFileReference; lastKnownFileType = text.plist.entitlements; path = ChattingApp.entitlements; sourceTree = "<group>"; };
		AB58AB2E2C2528AA0070420B /* SHA256.swift */ = {isa = PBXFileReference; fileEncoding = 4; lastKnownFileType = sourcecode.swift; path = SHA256.swift; sourceTree = "<group>"; };
		AB58AB2F2C2528AB0070420B /* RandomNounceString.swift */ = {isa = PBXFileReference; fileEncoding = 4; lastKnownFileType = sourcecode.swift; path = RandomNounceString.swift; sourceTree = "<group>"; };
		AB685A8F2C2BE73A009DF6B3 /* ImageCacheService.swift */ = {isa = PBXFileReference; lastKnownFileType = sourcecode.swift; path = ImageCacheService.swift; sourceTree = "<group>"; };
		AB685A922C2BE7C1009DF6B3 /* MemoryStorage.swift */ = {isa = PBXFileReference; lastKnownFileType = sourcecode.swift; path = MemoryStorage.swift; sourceTree = "<group>"; };
		AB685A942C2BE8A6009DF6B3 /* DiskStorage.swift */ = {isa = PBXFileReference; lastKnownFileType = sourcecode.swift; path = DiskStorage.swift; sourceTree = "<group>"; };
		AB685A962C2BEFB4009DF6B3 /* URLInnerImageView.swift */ = {isa = PBXFileReference; lastKnownFileType = sourcecode.swift; path = URLInnerImageView.swift; sourceTree = "<group>"; };
		AB685A992C2BEFD1009DF6B3 /* URLImageViewModel.swift */ = {isa = PBXFileReference; lastKnownFileType = sourcecode.swift; path = URLImageViewModel.swift; sourceTree = "<group>"; };
		AB685A9D2C2BFAFA009DF6B3 /* OtherProfileViewModel.swift */ = {isa = PBXFileReference; lastKnownFileType = sourcecode.swift; path = OtherProfileViewModel.swift; sourceTree = "<group>"; };
		ABE8644F2C2AE57C00904AA9 /* Assets.xcassets */ = {isa = PBXFileReference; lastKnownFileType = folder.assetcatalog; path = Assets.xcassets; sourceTree = "<group>"; };
		ABE864512C2AF1F200904AA9 /* MyProfileViewModel.swift */ = {isa = PBXFileReference; lastKnownFileType = sourcecode.swift; path = MyProfileViewModel.swift; sourceTree = "<group>"; };
		ABE864532C2B150500904AA9 /* MyProfileMenuType.swift */ = {isa = PBXFileReference; lastKnownFileType = sourcecode.swift; path = MyProfileMenuType.swift; sourceTree = "<group>"; };
		ABE864552C2B197800904AA9 /* MyProfileDescriptionEditView.swift */ = {isa = PBXFileReference; lastKnownFileType = sourcecode.swift; path = MyProfileDescriptionEditView.swift; sourceTree = "<group>"; };
		ABE864572C2B20D200904AA9 /* PhotoPickerService.swift */ = {isa = PBXFileReference; lastKnownFileType = sourcecode.swift; path = PhotoPickerService.swift; sourceTree = "<group>"; };
		ABE8645A2C2B21DA00904AA9 /* PhotoImage.swift */ = {isa = PBXFileReference; lastKnownFileType = sourcecode.swift; path = PhotoImage.swift; sourceTree = "<group>"; };
		ABE8645C2C2B220000904AA9 /* PhotoPickerError.swift */ = {isa = PBXFileReference; lastKnownFileType = sourcecode.swift; path = PhotoPickerError.swift; sourceTree = "<group>"; };
		ABE864642C2B24A700904AA9 /* UploadProvider.swift */ = {isa = PBXFileReference; lastKnownFileType = sourcecode.swift; path = UploadProvider.swift; sourceTree = "<group>"; };
		ABE864662C2B258C00904AA9 /* UploadService.swift */ = {isa = PBXFileReference; lastKnownFileType = sourcecode.swift; path = UploadService.swift; sourceTree = "<group>"; };
		ABE864692C2B262200904AA9 /* UploadSourceType.swift */ = {isa = PBXFileReference; lastKnownFileType = sourcecode.swift; path = UploadSourceType.swift; sourceTree = "<group>"; };
		ABF79DDA2C28364E00212DA5 /* MainTabType.swift */ = {isa = PBXFileReference; lastKnownFileType = sourcecode.swift; path = MainTabType.swift; sourceTree = "<group>"; };
		ABF79DDD2C28372100212DA5 /* HomeViewModel.swift */ = {isa = PBXFileReference; lastKnownFileType = sourcecode.swift; path = HomeViewModel.swift; sourceTree = "<group>"; };
		ABF79DDF2C28372F00212DA5 /* HomeView.swift */ = {isa = PBXFileReference; lastKnownFileType = sourcecode.swift; path = HomeView.swift; sourceTree = "<group>"; };
		ABF79DE52C28438B00212DA5 /* UserDBRepository.swift */ = {isa = PBXFileReference; lastKnownFileType = sourcecode.swift; path = UserDBRepository.swift; sourceTree = SOURCE_ROOT; };
		ABF79DE72C2843B600212DA5 /* UserService.swift */ = {isa = PBXFileReference; lastKnownFileType = sourcecode.swift; path = UserService.swift; sourceTree = "<group>"; };
		ABF79DEA2C2844A800212DA5 /* UserObject.swift */ = {isa = PBXFileReference; lastKnownFileType = sourcecode.swift; path = UserObject.swift; sourceTree = "<group>"; };
		ABF79DED2C2844CF00212DA5 /* DBError.swift */ = {isa = PBXFileReference; lastKnownFileType = sourcecode.swift; path = DBError.swift; sourceTree = "<group>"; };
		ABF79DEF2C28469200212DA5 /* Constant.swift */ = {isa = PBXFileReference; lastKnownFileType = sourcecode.swift; path = Constant.swift; sourceTree = "<group>"; };
		ABF79DF12C285B6900212DA5 /* Phase.swift */ = {isa = PBXFileReference; lastKnownFileType = sourcecode.swift; path = Phase.swift; sourceTree = "<group>"; };
		ABF79DF42C285C5800212DA5 /* PlaceholderView.swift */ = {isa = PBXFileReference; lastKnownFileType = sourcecode.swift; path = PlaceholderView.swift; sourceTree = "<group>"; };
		ABF79DF62C285C8000212DA5 /* LoadingView.swift */ = {isa = PBXFileReference; lastKnownFileType = sourcecode.swift; path = LoadingView.swift; sourceTree = "<group>"; };
		ABF79DF82C285CE100212DA5 /* ErrorView.swift */ = {isa = PBXFileReference; lastKnownFileType = sourcecode.swift; path = ErrorView.swift; sourceTree = "<group>"; };
		ABF79DFA2C285DD200212DA5 /* HomeModalDestination.swift */ = {isa = PBXFileReference; lastKnownFileType = sourcecode.swift; path = HomeModalDestination.swift; sourceTree = "<group>"; };
		ABF79DFD2C285E6600212DA5 /* MyProfileView.swift */ = {isa = PBXFileReference; lastKnownFileType = sourcecode.swift; path = MyProfileView.swift; sourceTree = "<group>"; };
		ABF79DFF2C285E7100212DA5 /* OtherProfileView.swift */ = {isa = PBXFileReference; lastKnownFileType = sourcecode.swift; path = OtherProfileView.swift; sourceTree = "<group>"; };
		ABF79E012C28693500212DA5 /* ContactService.swift */ = {isa = PBXFileReference; lastKnownFileType = sourcecode.swift; path = ContactService.swift; sourceTree = "<group>"; };
/* End PBXFileReference section */

/* Begin PBXFrameworksBuildPhase section */
		AB3416742C231C4900698844 /* Frameworks */ = {
			isa = PBXFrameworksBuildPhase;
			buildActionMask = 2147483647;
			files = (
				AB0BB6512C2DA8F000352256 /* FirebaseMessaging in Frameworks */,
				ABF79DE32C283B8100212DA5 /* FirebaseDatabase in Frameworks */,
				ABE8645F2C2B246800904AA9 /* FirebaseStorage in Frameworks */,
				ABE864612C2B246800904AA9 /* FirebaseStorageCombine-Community in Frameworks */,
				AB58AB072C243D6E0070420B /* FirebaseAuth in Frameworks */,
				AB58AB1B2C24491B0070420B /* GoogleSignIn in Frameworks */,
			);
			runOnlyForDeploymentPostprocessing = 0;
		};
		AB3416842C231C4B00698844 /* Frameworks */ = {
			isa = PBXFrameworksBuildPhase;
			buildActionMask = 2147483647;
			files = (
			);
			runOnlyForDeploymentPostprocessing = 0;
		};
		AB34168E2C231C4B00698844 /* Frameworks */ = {
			isa = PBXFrameworksBuildPhase;
			buildActionMask = 2147483647;
			files = (
			);
			runOnlyForDeploymentPostprocessing = 0;
		};
/* End PBXFrameworksBuildPhase section */

/* Begin PBXGroup section */
		AB0BB64F2C2D7EF300352256 /* SubView */ = {
			isa = PBXGroup;
			children = (
				AB48E8D62C2C5472001B8CB9 /* KeyboardToolbar.swift */,
				AB48E8D42C2C3EA2001B8CB9 /* ChatItemDirection.swift */,
				AB48E8D22C2C3E78001B8CB9 /* ChatItemView.swift */,
				AB0BB64D2C2D7EEC00352256 /* ChatImageItemView.swift */,
			);
			path = SubView;
			sourceTree = "<group>";
		};
		AB34166E2C231C4900698844 = {
			isa = PBXGroup;
			children = (
				AB3416792C231C4900698844 /* ChattingApp */,
				AB34168A2C231C4B00698844 /* ChattingAppTests */,
				AB3416942C231C4B00698844 /* ChattingAppUITests */,
				AB3416782C231C4900698844 /* Products */,
				ABF79DE12C283B8100212DA5 /* Frameworks */,
			);
			sourceTree = "<group>";
		};
		AB3416782C231C4900698844 /* Products */ = {
			isa = PBXGroup;
			children = (
				AB3416772C231C4900698844 /* ChattingApp.app */,
				AB3416872C231C4B00698844 /* ChattingAppTests.xctest */,
				AB3416912C231C4B00698844 /* ChattingAppUITests.xctest */,
			);
			name = Products;
			sourceTree = "<group>";
		};
		AB3416792C231C4900698844 /* ChattingApp */ = {
			isa = PBXGroup;
			children = (
				AB58AB0C2C243EE00070420B /* Info.plist */,
				AB58AB0A2C243EB60070420B /* GoogleService-Info.plist */,
				AB34167A2C231C4900698844 /* ChattingAppApp.swift */,
				AB58AB2C2C2524F70070420B /* ChattingApp.entitlements */,
				AB58AAF72C233F9E0070420B /* General */,
				AB58AB1C2C244AD50070420B /* Model */,
				AB58AAF82C233FAA0070420B /* Scene */,
				AB58AAFC2C2340D50070420B /* Service */,
				ABF79DE42C28436100212DA5 /* Repository */,
				ABE864622C2B249000904AA9 /* Provider */,
				AB58AAF52C233F3B0070420B /* Extension */,
				AB58AB2D2C2528920070420B /* Util */,
				AB58AAF02C233E2F0070420B /* Resource */,
				AB3416802C231C4A00698844 /* Preview Content */,
			);
			path = ChattingApp;
			sourceTree = "<group>";
		};
		AB3416802C231C4A00698844 /* Preview Content */ = {
			isa = PBXGroup;
			children = (
				AB3416812C231C4A00698844 /* Preview Assets.xcassets */,
			);
			path = "Preview Content";
			sourceTree = "<group>";
		};
		AB34168A2C231C4B00698844 /* ChattingAppTests */ = {
			isa = PBXGroup;
			children = (
				AB34168B2C231C4B00698844 /* ChattingAppTests.swift */,
			);
			path = ChattingAppTests;
			sourceTree = "<group>";
		};
		AB3416942C231C4B00698844 /* ChattingAppUITests */ = {
			isa = PBXGroup;
			children = (
				AB3416952C231C4B00698844 /* ChattingAppUITests.swift */,
				AB3416972C231C4B00698844 /* ChattingAppUITestsLaunchTests.swift */,
			);
			path = ChattingAppUITests;
			sourceTree = "<group>";
		};
		AB48E8B72C2C05EB001B8CB9 /* Navigation */ = {
			isa = PBXGroup;
			children = (
				AB48E8B82C2C05F8001B8CB9 /* NavigationDestination.swift */,
				AB48E8BA2C2C0616001B8CB9 /* NavigationRouter.swift */,
				AB48E8C82C2C0EF1001B8CB9 /* NavigationRoutingView.swift */,
			);
			path = Navigation;
			sourceTree = "<group>";
		};
		AB48E8BC2C2C0775001B8CB9 /* Chat */ = {
			isa = PBXGroup;
			children = (
				AB0BB64F2C2D7EF300352256 /* SubView */,
				AB48E8BE2C2C0787001B8CB9 /* ChatView.swift */,
				AB48E8C22C2C0CB6001B8CB9 /* ChatListView.swift */,
				AB48E8C42C2C0CE2001B8CB9 /* ChatListViewModel.swift */,
				AB48E8CA2C2C3702001B8CB9 /* ChatViewModel.swift */,
			);
			path = Chat;
			sourceTree = "<group>";
		};
		AB48E8BD2C2C077C001B8CB9 /* Search */ = {
			isa = PBXGroup;
			children = (
				AB48E8C02C2C078E001B8CB9 /* SearchView.swift */,
			);
			path = Search;
			sourceTree = "<group>";
		};
		AB58AAF02C233E2F0070420B /* Resource */ = {
			isa = PBXGroup;
			children = (
				ABE8644F2C2AE57C00904AA9 /* Assets.xcassets */,
				AB58AAF32C233EB30070420B /* Colors.xcassets */,
				AB58AAF12C233E430070420B /* LaunchScreen.storyboard */,
			);
			path = Resource;
			sourceTree = "<group>";
		};
		AB58AAF52C233F3B0070420B /* Extension */ = {
			isa = PBXGroup;
			children = (
				AB58AAF62C233F510070420B /* Color+Extension.swift */,
				AB48E8D02C2C3B9D001B8CB9 /* Date+Extension.swift */,
			);
			path = Extension;
			sourceTree = "<group>";
		};
		AB58AAF72C233F9E0070420B /* General */ = {
			isa = PBXGroup;
			children = (
				AB48E8B72C2C05EB001B8CB9 /* Navigation */,
				ABF79DF32C285C4A00212DA5 /* View */,
				AB58AAFA2C2340BF0070420B /* DIContainer.swift */,
				AB58AB082C243E260070420B /* AppDelegate.swift */,
				ABF79DEF2C28469200212DA5 /* Constant.swift */,
				ABF79DF12C285B6900212DA5 /* Phase.swift */,
			);
			path = General;
			sourceTree = "<group>";
		};
		AB58AAF82C233FAA0070420B /* Scene */ = {
			isa = PBXGroup;
			children = (
				AB58AAF92C2340990070420B /* Auth */,
				AB58AB102C2442240070420B /* Login */,
				AB58AB0F2C2442150070420B /* MainTab */,
				ABF79DDC2C28370800212DA5 /* Home */,
				ABF79DFC2C285E5900212DA5 /* Profile */,
				AB48E8BC2C2C0775001B8CB9 /* Chat */,
				AB48E8BD2C2C077C001B8CB9 /* Search */,
			);
			path = Scene;
			sourceTree = "<group>";
		};
		AB58AAF92C2340990070420B /* Auth */ = {
			isa = PBXGroup;
			children = (
				AB34167C2C231C4900698844 /* AuthenticatedView.swift */,
				AB58AAFF2C23415F0070420B /* AuthenticationViewModel.swift */,
			);
			path = Auth;
			sourceTree = "<group>";
		};
		AB58AAFC2C2340D50070420B /* Service */ = {
			isa = PBXGroup;
			children = (
				AB58AB1F2C244B140070420B /* Error */,
				ABE864592C2B21CF00904AA9 /* PhotoPicker */,
				ABE864682C2B261200904AA9 /* Upload */,
				AB685A912C2BE7A9009DF6B3 /* ImageCache */,
				AB58AAFD2C2340E10070420B /* Services.swift */,
				AB58AB0D2C243F980070420B /* AuthService.swift */,
				ABF79DE72C2843B600212DA5 /* UserService.swift */,
				ABF79E012C28693500212DA5 /* ContactService.swift */,
				AB48E8B32C2BFF8E001B8CB9 /* ChatRoomService.swift */,
				AB0BB64A2C2D703F00352256 /* ChatService.swift */,
				AB0BB6542C2DAB9200352256 /* PushNotificationService.swift */,
			);
			path = Service;
			sourceTree = "<group>";
		};
		AB58AB0F2C2442150070420B /* MainTab */ = {
			isa = PBXGroup;
			children = (
				AB58AB132C2442420070420B /* MainTabView.swift */,
				ABF79DDA2C28364E00212DA5 /* MainTabType.swift */,
			);
			path = MainTab;
			sourceTree = "<group>";
		};
		AB58AB102C2442240070420B /* Login */ = {
			isa = PBXGroup;
			children = (
				AB58AB112C2442390070420B /* LoginIntroView.swift */,
				AB58AB152C2442C40070420B /* LoginView.swift */,
				AB58AB172C2443000070420B /* LoginButtonStyle.swift */,
			);
			path = Login;
			sourceTree = "<group>";
		};
		AB58AB1C2C244AD50070420B /* Model */ = {
			isa = PBXGroup;
			children = (
				AB58AB1D2C244AE00070420B /* User.swift */,
				AB48E8CE2C2C3AF3001B8CB9 /* ChatData.swift */,
				AB48E8B52C2C01FD001B8CB9 /* ChatRoom.swift */,
				AB48E8CC2C2C3A17001B8CB9 /* Chat.swift */,
			);
			path = Model;
			sourceTree = "<group>";
		};
		AB58AB1F2C244B140070420B /* Error */ = {
			isa = PBXGroup;
			children = (
				AB58AB202C244B1E0070420B /* ServiceError.swift */,
				ABE8645C2C2B220000904AA9 /* PhotoPickerError.swift */,
			);
			path = Error;
			sourceTree = "<group>";
		};
		AB58AB2D2C2528920070420B /* Util */ = {
			isa = PBXGroup;
			children = (
				AB58AB2F2C2528AB0070420B /* RandomNounceString.swift */,
				AB58AB2E2C2528AA0070420B /* SHA256.swift */,
			);
			path = Util;
			sourceTree = "<group>";
		};
		AB685A912C2BE7A9009DF6B3 /* ImageCache */ = {
			isa = PBXGroup;
			children = (
				AB685A8F2C2BE73A009DF6B3 /* ImageCacheService.swift */,
				AB685A922C2BE7C1009DF6B3 /* MemoryStorage.swift */,
				AB685A942C2BE8A6009DF6B3 /* DiskStorage.swift */,
			);
			path = ImageCache;
			sourceTree = "<group>";
		};
		AB685A982C2BEFC0009DF6B3 /* URLImage */ = {
			isa = PBXGroup;
			children = (
				AB685A962C2BEFB4009DF6B3 /* URLInnerImageView.swift */,
				AB685A992C2BEFD1009DF6B3 /* URLImageViewModel.swift */,
			);
			path = URLImage;
			sourceTree = "<group>";
		};
		AB685A9B2C2BFACE009DF6B3 /* MyProfile */ = {
			isa = PBXGroup;
			children = (
				ABE864532C2B150500904AA9 /* MyProfileMenuType.swift */,
				ABF79DFD2C285E6600212DA5 /* MyProfileView.swift */,
				ABE864512C2AF1F200904AA9 /* MyProfileViewModel.swift */,
				ABE864552C2B197800904AA9 /* MyProfileDescriptionEditView.swift */,
			);
			path = MyProfile;
			sourceTree = "<group>";
		};
		AB685A9C2C2BFAD7009DF6B3 /* OtherProfile */ = {
			isa = PBXGroup;
			children = (
				ABF79DFF2C285E7100212DA5 /* OtherProfileView.swift */,
				AB685A9D2C2BFAFA009DF6B3 /* OtherProfileViewModel.swift */,
				AB48E8AA2C2BFC42001B8CB9 /* OthrerProfileMenuType.swift */,
			);
			path = OtherProfile;
			sourceTree = "<group>";
		};
		ABE864592C2B21CF00904AA9 /* PhotoPicker */ = {
			isa = PBXGroup;
			children = (
				ABE864572C2B20D200904AA9 /* PhotoPickerService.swift */,
				ABE8645A2C2B21DA00904AA9 /* PhotoImage.swift */,
			);
			path = PhotoPicker;
			sourceTree = "<group>";
		};
		ABE864622C2B249000904AA9 /* Provider */ = {
			isa = PBXGroup;
			children = (
				ABE864632C2B249800904AA9 /* Upload */,
			);
			path = Provider;
			sourceTree = "<group>";
		};
		ABE864632C2B249800904AA9 /* Upload */ = {
			isa = PBXGroup;
			children = (
				ABE864642C2B24A700904AA9 /* UploadProvider.swift */,
			);
			path = Upload;
			sourceTree = "<group>";
		};
		ABE864682C2B261200904AA9 /* Upload */ = {
			isa = PBXGroup;
			children = (
				ABE864662C2B258C00904AA9 /* UploadService.swift */,
				ABE864692C2B262200904AA9 /* UploadSourceType.swift */,
			);
			path = Upload;
			sourceTree = "<group>";
		};
		ABF79DDC2C28370800212DA5 /* Home */ = {
			isa = PBXGroup;
			children = (
				ABF79DDD2C28372100212DA5 /* HomeViewModel.swift */,
				ABF79DDF2C28372F00212DA5 /* HomeView.swift */,
				ABF79DFA2C285DD200212DA5 /* HomeModalDestination.swift */,
			);
			path = Home;
			sourceTree = "<group>";
		};
		ABF79DE12C283B8100212DA5 /* Frameworks */ = {
			isa = PBXGroup;
			children = (
			);
			name = Frameworks;
			sourceTree = "<group>";
		};
		ABF79DE42C28436100212DA5 /* Repository */ = {
			isa = PBXGroup;
			children = (
				ABF79DEC2C2844C700212DA5 /* Error */,
				ABF79DE92C28449C00212DA5 /* DTO */,
				ABF79DE52C28438B00212DA5 /* UserDBRepository.swift */,
				AB48E8AD2C2BFDF7001B8CB9 /* ChatRoomDBRepository.swift */,
				AB0BB6462C2D6E7A00352256 /* ChatDBRepository.swift */,
			);
			path = Repository;
			sourceTree = "<group>";
		};
		ABF79DE92C28449C00212DA5 /* DTO */ = {
			isa = PBXGroup;
			children = (
				ABF79DEA2C2844A800212DA5 /* UserObject.swift */,
				AB48E8AF2C2BFE45001B8CB9 /* ChatRoomObject.swift */,
				AB0BB6482C2D6EC600352256 /* ChatObject.swift */,
			);
			path = DTO;
			sourceTree = "<group>";
		};
		ABF79DEC2C2844C700212DA5 /* Error */ = {
			isa = PBXGroup;
			children = (
				ABF79DED2C2844CF00212DA5 /* DBError.swift */,
			);
			path = Error;
			sourceTree = "<group>";
		};
		ABF79DF32C285C4A00212DA5 /* View */ = {
			isa = PBXGroup;
			children = (
				AB685A982C2BEFC0009DF6B3 /* URLImage */,
				ABF79DF42C285C5800212DA5 /* PlaceholderView.swift */,
				ABF79DF62C285C8000212DA5 /* LoadingView.swift */,
				ABF79DF82C285CE100212DA5 /* ErrorView.swift */,
				AB48E8C62C2C0E59001B8CB9 /* SearchButton.swift */,
			);
			path = View;
			sourceTree = "<group>";
		};
		ABF79DFC2C285E5900212DA5 /* Profile */ = {
			isa = PBXGroup;
			children = (
				AB685A9B2C2BFACE009DF6B3 /* MyProfile */,
				AB685A9C2C2BFAD7009DF6B3 /* OtherProfile */,
			);
			path = Profile;
			sourceTree = "<group>";
		};
/* End PBXGroup section */

/* Begin PBXNativeTarget section */
		AB3416762C231C4900698844 /* ChattingApp */ = {
			isa = PBXNativeTarget;
			buildConfigurationList = AB34169B2C231C4B00698844 /* Build configuration list for PBXNativeTarget "ChattingApp" */;
			buildPhases = (
				AB3416732C231C4900698844 /* Sources */,
				AB3416742C231C4900698844 /* Frameworks */,
				AB3416752C231C4900698844 /* Resources */,
			);
			buildRules = (
			);
			dependencies = (
			);
			name = ChattingApp;
			packageProductDependencies = (
				AB58AB062C243D6E0070420B /* FirebaseAuth */,
				AB58AB1A2C24491B0070420B /* GoogleSignIn */,
				ABF79DE22C283B8100212DA5 /* FirebaseDatabase */,
				ABE8645E2C2B246800904AA9 /* FirebaseStorage */,
				ABE864602C2B246800904AA9 /* FirebaseStorageCombine-Community */,
				AB0BB6502C2DA8F000352256 /* FirebaseMessaging */,
			);
			productName = ChattingApp;
			productReference = AB3416772C231C4900698844 /* ChattingApp.app */;
			productType = "com.apple.product-type.application";
		};
		AB3416862C231C4B00698844 /* ChattingAppTests */ = {
			isa = PBXNativeTarget;
			buildConfigurationList = AB34169E2C231C4B00698844 /* Build configuration list for PBXNativeTarget "ChattingAppTests" */;
			buildPhases = (
				AB3416832C231C4B00698844 /* Sources */,
				AB3416842C231C4B00698844 /* Frameworks */,
				AB3416852C231C4B00698844 /* Resources */,
			);
			buildRules = (
			);
			dependencies = (
				AB3416892C231C4B00698844 /* PBXTargetDependency */,
			);
			name = ChattingAppTests;
			productName = ChattingAppTests;
			productReference = AB3416872C231C4B00698844 /* ChattingAppTests.xctest */;
			productType = "com.apple.product-type.bundle.unit-test";
		};
		AB3416902C231C4B00698844 /* ChattingAppUITests */ = {
			isa = PBXNativeTarget;
			buildConfigurationList = AB3416A12C231C4B00698844 /* Build configuration list for PBXNativeTarget "ChattingAppUITests" */;
			buildPhases = (
				AB34168D2C231C4B00698844 /* Sources */,
				AB34168E2C231C4B00698844 /* Frameworks */,
				AB34168F2C231C4B00698844 /* Resources */,
			);
			buildRules = (
			);
			dependencies = (
				AB3416932C231C4B00698844 /* PBXTargetDependency */,
			);
			name = ChattingAppUITests;
			productName = ChattingAppUITests;
			productReference = AB3416912C231C4B00698844 /* ChattingAppUITests.xctest */;
			productType = "com.apple.product-type.bundle.ui-testing";
		};
/* End PBXNativeTarget section */

/* Begin PBXProject section */
		AB34166F2C231C4900698844 /* Project object */ = {
			isa = PBXProject;
			attributes = {
				BuildIndependentTargetsInParallel = 1;
				LastSwiftUpdateCheck = 1540;
				LastUpgradeCheck = 1540;
				TargetAttributes = {
					AB3416762C231C4900698844 = {
						CreatedOnToolsVersion = 15.4;
					};
					AB3416862C231C4B00698844 = {
						CreatedOnToolsVersion = 15.4;
						TestTargetID = AB3416762C231C4900698844;
					};
					AB3416902C231C4B00698844 = {
						CreatedOnToolsVersion = 15.4;
						TestTargetID = AB3416762C231C4900698844;
					};
				};
			};
			buildConfigurationList = AB3416722C231C4900698844 /* Build configuration list for PBXProject "ChattingApp" */;
			compatibilityVersion = "Xcode 14.0";
			developmentRegion = en;
			hasScannedForEncodings = 0;
			knownRegions = (
				en,
				Base,
			);
			mainGroup = AB34166E2C231C4900698844;
			packageReferences = (
				AB58AB052C243D6E0070420B /* XCRemoteSwiftPackageReference "firebase-ios-sdk" */,
				AB58AB192C24491B0070420B /* XCRemoteSwiftPackageReference "GoogleSignIn-iOS" */,
			);
			productRefGroup = AB3416782C231C4900698844 /* Products */;
			projectDirPath = "";
			projectRoot = "";
			targets = (
				AB3416762C231C4900698844 /* ChattingApp */,
				AB3416862C231C4B00698844 /* ChattingAppTests */,
				AB3416902C231C4B00698844 /* ChattingAppUITests */,
			);
		};
/* End PBXProject section */

/* Begin PBXResourcesBuildPhase section */
		AB3416752C231C4900698844 /* Resources */ = {
			isa = PBXResourcesBuildPhase;
			buildActionMask = 2147483647;
			files = (
				AB58AB0B2C243EB60070420B /* GoogleService-Info.plist in Resources */,
				AB58AAF22C233E430070420B /* LaunchScreen.storyboard in Resources */,
				AB58AAF42C233EB30070420B /* Colors.xcassets in Resources */,
				AB3416822C231C4A00698844 /* Preview Assets.xcassets in Resources */,
				ABE864502C2AE57C00904AA9 /* Assets.xcassets in Resources */,
			);
			runOnlyForDeploymentPostprocessing = 0;
		};
		AB3416852C231C4B00698844 /* Resources */ = {
			isa = PBXResourcesBuildPhase;
			buildActionMask = 2147483647;
			files = (
			);
			runOnlyForDeploymentPostprocessing = 0;
		};
		AB34168F2C231C4B00698844 /* Resources */ = {
			isa = PBXResourcesBuildPhase;
			buildActionMask = 2147483647;
			files = (
			);
			runOnlyForDeploymentPostprocessing = 0;
		};
/* End PBXResourcesBuildPhase section */

/* Begin PBXSourcesBuildPhase section */
		AB3416732C231C4900698844 /* Sources */ = {
			isa = PBXSourcesBuildPhase;
			buildActionMask = 2147483647;
			files = (
				ABF79DDE2C28372100212DA5 /* HomeViewModel.swift in Sources */,
				AB58AB312C2528AB0070420B /* RandomNounceString.swift in Sources */,
				ABF79DEE2C2844CF00212DA5 /* DBError.swift in Sources */,
				AB48E8C12C2C078E001B8CB9 /* SearchView.swift in Sources */,
				AB58AB092C243E260070420B /* AppDelegate.swift in Sources */,
				AB48E8BF2C2C0787001B8CB9 /* ChatView.swift in Sources */,
				ABE8645B2C2B21DA00904AA9 /* PhotoImage.swift in Sources */,
				AB685A9E2C2BFAFA009DF6B3 /* OtherProfileViewModel.swift in Sources */,
				AB34167D2C231C4900698844 /* AuthenticatedView.swift in Sources */,
				ABF79DFB2C285DD200212DA5 /* HomeModalDestination.swift in Sources */,
				AB58AB142C2442420070420B /* MainTabView.swift in Sources */,
				AB0BB64E2C2D7EEC00352256 /* ChatImageItemView.swift in Sources */,
				AB48E8CF2C2C3AF3001B8CB9 /* ChatData.swift in Sources */,
				AB58AB002C23415F0070420B /* AuthenticationViewModel.swift in Sources */,
				ABF79E022C28693500212DA5 /* ContactService.swift in Sources */,
				AB0BB6492C2D6EC600352256 /* ChatObject.swift in Sources */,
				ABF79DF92C285CE100212DA5 /* ErrorView.swift in Sources */,
				AB48E8B62C2C01FD001B8CB9 /* ChatRoom.swift in Sources */,
				AB685A902C2BE73A009DF6B3 /* ImageCacheService.swift in Sources */,
				AB58AAFE2C2340E10070420B /* Services.swift in Sources */,
				AB685A9A2C2BEFD1009DF6B3 /* URLImageViewModel.swift in Sources */,
				AB58AAFB2C2340BF0070420B /* DIContainer.swift in Sources */,
				AB685A952C2BE8A6009DF6B3 /* DiskStorage.swift in Sources */,
				AB48E8B02C2BFE45001B8CB9 /* ChatRoomObject.swift in Sources */,
				AB34167B2C231C4900698844 /* ChattingAppApp.swift in Sources */,
				AB48E8D32C2C3E78001B8CB9 /* ChatItemView.swift in Sources */,
				ABF79DF02C28469200212DA5 /* Constant.swift in Sources */,
				ABF79DE02C28372F00212DA5 /* HomeView.swift in Sources */,
				AB58AB0E2C243F980070420B /* AuthService.swift in Sources */,
				ABF79DFE2C285E6600212DA5 /* MyProfileView.swift in Sources */,
				AB48E8D72C2C5472001B8CB9 /* KeyboardToolbar.swift in Sources */,
				AB58AB302C2528AB0070420B /* SHA256.swift in Sources */,
				ABF79E002C285E7100212DA5 /* OtherProfileView.swift in Sources */,
				AB48E8AE2C2BFDF7001B8CB9 /* ChatRoomDBRepository.swift in Sources */,
				ABF79DDB2C28364E00212DA5 /* MainTabType.swift in Sources */,
				ABE864652C2B24A700904AA9 /* UploadProvider.swift in Sources */,
				AB58AB212C244B1E0070420B /* ServiceError.swift in Sources */,
				ABE864672C2B258C00904AA9 /* UploadService.swift in Sources */,
				AB48E8BB2C2C0616001B8CB9 /* NavigationRouter.swift in Sources */,
				AB685A972C2BEFB4009DF6B3 /* URLInnerImageView.swift in Sources */,
				AB0BB6552C2DAB9200352256 /* PushNotificationService.swift in Sources */,
				AB48E8AB2C2BFC42001B8CB9 /* OthrerProfileMenuType.swift in Sources */,
				AB58AB1E2C244AE00070420B /* User.swift in Sources */,
				ABE8645D2C2B220000904AA9 /* PhotoPickerError.swift in Sources */,
				ABE864522C2AF1F200904AA9 /* MyProfileViewModel.swift in Sources */,
				AB58AB162C2442C40070420B /* LoginView.swift in Sources */,
				ABE864542C2B150500904AA9 /* MyProfileMenuType.swift in Sources */,
				AB48E8C92C2C0EF1001B8CB9 /* NavigationRoutingView.swift in Sources */,
				ABF79DF52C285C5800212DA5 /* PlaceholderView.swift in Sources */,
				AB0BB6472C2D6E7A00352256 /* ChatDBRepository.swift in Sources */,
				ABF79DE82C2843B600212DA5 /* UserService.swift in Sources */,
				AB48E8D52C2C3EA2001B8CB9 /* ChatItemDirection.swift in Sources */,
				ABE864582C2B20D200904AA9 /* PhotoPickerService.swift in Sources */,
				AB48E8B42C2BFF8E001B8CB9 /* ChatRoomService.swift in Sources */,
				AB48E8C72C2C0E59001B8CB9 /* SearchButton.swift in Sources */,
				ABF79DE62C28438B00212DA5 /* UserDBRepository.swift in Sources */,
				ABE8646A2C2B262200904AA9 /* UploadSourceType.swift in Sources */,
				AB58AB122C2442390070420B /* LoginIntroView.swift in Sources */,
				AB685A932C2BE7C1009DF6B3 /* MemoryStorage.swift in Sources */,
				ABE864562C2B197800904AA9 /* MyProfileDescriptionEditView.swift in Sources */,
				AB48E8D12C2C3B9D001B8CB9 /* Date+Extension.swift in Sources */,
				AB58AB182C2443000070420B /* LoginButtonStyle.swift in Sources */,
				AB48E8C52C2C0CE2001B8CB9 /* ChatListViewModel.swift in Sources */,
				AB48E8B92C2C05F8001B8CB9 /* NavigationDestination.swift in Sources */,
				AB0BB64B2C2D703F00352256 /* ChatService.swift in Sources */,
				AB48E8CD2C2C3A17001B8CB9 /* Chat.swift in Sources */,
				AB48E8C32C2C0CB6001B8CB9 /* ChatListView.swift in Sources */,
				ABF79DEB2C2844A800212DA5 /* UserObject.swift in Sources */,
				ABF79DF22C285B6900212DA5 /* Phase.swift in Sources */,
				AB48E8CB2C2C3702001B8CB9 /* ChatViewModel.swift in Sources */,
				ABF79DF72C285C8000212DA5 /* LoadingView.swift in Sources */,
			);
			runOnlyForDeploymentPostprocessing = 0;
		};
		AB3416832C231C4B00698844 /* Sources */ = {
			isa = PBXSourcesBuildPhase;
			buildActionMask = 2147483647;
			files = (
				AB34168C2C231C4B00698844 /* ChattingAppTests.swift in Sources */,
			);
			runOnlyForDeploymentPostprocessing = 0;
		};
		AB34168D2C231C4B00698844 /* Sources */ = {
			isa = PBXSourcesBuildPhase;
			buildActionMask = 2147483647;
			files = (
				AB3416982C231C4B00698844 /* ChattingAppUITestsLaunchTests.swift in Sources */,
				AB3416962C231C4B00698844 /* ChattingAppUITests.swift in Sources */,
			);
			runOnlyForDeploymentPostprocessing = 0;
		};
/* End PBXSourcesBuildPhase section */

/* Begin PBXTargetDependency section */
		AB3416892C231C4B00698844 /* PBXTargetDependency */ = {
			isa = PBXTargetDependency;
			target = AB3416762C231C4900698844 /* ChattingApp */;
			targetProxy = AB3416882C231C4B00698844 /* PBXContainerItemProxy */;
		};
		AB3416932C231C4B00698844 /* PBXTargetDependency */ = {
			isa = PBXTargetDependency;
			target = AB3416762C231C4900698844 /* ChattingApp */;
			targetProxy = AB3416922C231C4B00698844 /* PBXContainerItemProxy */;
		};
/* End PBXTargetDependency section */

/* Begin XCBuildConfiguration section */
		AB3416992C231C4B00698844 /* Debug */ = {
			isa = XCBuildConfiguration;
			buildSettings = {
				ALWAYS_SEARCH_USER_PATHS = NO;
				ASSETCATALOG_COMPILER_GENERATE_SWIFT_ASSET_SYMBOL_EXTENSIONS = YES;
				CLANG_ANALYZER_NONNULL = YES;
				CLANG_ANALYZER_NUMBER_OBJECT_CONVERSION = YES_AGGRESSIVE;
				CLANG_CXX_LANGUAGE_STANDARD = "gnu++20";
				CLANG_ENABLE_MODULES = YES;
				CLANG_ENABLE_OBJC_ARC = YES;
				CLANG_ENABLE_OBJC_WEAK = YES;
				CLANG_WARN_BLOCK_CAPTURE_AUTORELEASING = YES;
				CLANG_WARN_BOOL_CONVERSION = YES;
				CLANG_WARN_COMMA = YES;
				CLANG_WARN_CONSTANT_CONVERSION = YES;
				CLANG_WARN_DEPRECATED_OBJC_IMPLEMENTATIONS = YES;
				CLANG_WARN_DIRECT_OBJC_ISA_USAGE = YES_ERROR;
				CLANG_WARN_DOCUMENTATION_COMMENTS = YES;
				CLANG_WARN_EMPTY_BODY = YES;
				CLANG_WARN_ENUM_CONVERSION = YES;
				CLANG_WARN_INFINITE_RECURSION = YES;
				CLANG_WARN_INT_CONVERSION = YES;
				CLANG_WARN_NON_LITERAL_NULL_CONVERSION = YES;
				CLANG_WARN_OBJC_IMPLICIT_RETAIN_SELF = YES;
				CLANG_WARN_OBJC_LITERAL_CONVERSION = YES;
				CLANG_WARN_OBJC_ROOT_CLASS = YES_ERROR;
				CLANG_WARN_QUOTED_INCLUDE_IN_FRAMEWORK_HEADER = YES;
				CLANG_WARN_RANGE_LOOP_ANALYSIS = YES;
				CLANG_WARN_STRICT_PROTOTYPES = YES;
				CLANG_WARN_SUSPICIOUS_MOVE = YES;
				CLANG_WARN_UNGUARDED_AVAILABILITY = YES_AGGRESSIVE;
				CLANG_WARN_UNREACHABLE_CODE = YES;
				CLANG_WARN__DUPLICATE_METHOD_MATCH = YES;
				COPY_PHASE_STRIP = NO;
				DEBUG_INFORMATION_FORMAT = dwarf;
				ENABLE_STRICT_OBJC_MSGSEND = YES;
				ENABLE_TESTABILITY = YES;
				ENABLE_USER_SCRIPT_SANDBOXING = YES;
				GCC_C_LANGUAGE_STANDARD = gnu17;
				GCC_DYNAMIC_NO_PIC = NO;
				GCC_NO_COMMON_BLOCKS = YES;
				GCC_OPTIMIZATION_LEVEL = 0;
				GCC_PREPROCESSOR_DEFINITIONS = (
					"DEBUG=1",
					"$(inherited)",
				);
				GCC_WARN_64_TO_32_BIT_CONVERSION = YES;
				GCC_WARN_ABOUT_RETURN_TYPE = YES_ERROR;
				GCC_WARN_UNDECLARED_SELECTOR = YES;
				GCC_WARN_UNINITIALIZED_AUTOS = YES_AGGRESSIVE;
				GCC_WARN_UNUSED_FUNCTION = YES;
				GCC_WARN_UNUSED_VARIABLE = YES;
				IPHONEOS_DEPLOYMENT_TARGET = 16.0;
				LOCALIZATION_PREFERS_STRING_CATALOGS = YES;
				MTL_ENABLE_DEBUG_INFO = INCLUDE_SOURCE;
				MTL_FAST_MATH = YES;
				ONLY_ACTIVE_ARCH = YES;
				SDKROOT = iphoneos;
				SWIFT_ACTIVE_COMPILATION_CONDITIONS = "DEBUG $(inherited)";
				SWIFT_OPTIMIZATION_LEVEL = "-Onone";
			};
			name = Debug;
		};
		AB34169A2C231C4B00698844 /* Release */ = {
			isa = XCBuildConfiguration;
			buildSettings = {
				ALWAYS_SEARCH_USER_PATHS = NO;
				ASSETCATALOG_COMPILER_GENERATE_SWIFT_ASSET_SYMBOL_EXTENSIONS = YES;
				CLANG_ANALYZER_NONNULL = YES;
				CLANG_ANALYZER_NUMBER_OBJECT_CONVERSION = YES_AGGRESSIVE;
				CLANG_CXX_LANGUAGE_STANDARD = "gnu++20";
				CLANG_ENABLE_MODULES = YES;
				CLANG_ENABLE_OBJC_ARC = YES;
				CLANG_ENABLE_OBJC_WEAK = YES;
				CLANG_WARN_BLOCK_CAPTURE_AUTORELEASING = YES;
				CLANG_WARN_BOOL_CONVERSION = YES;
				CLANG_WARN_COMMA = YES;
				CLANG_WARN_CONSTANT_CONVERSION = YES;
				CLANG_WARN_DEPRECATED_OBJC_IMPLEMENTATIONS = YES;
				CLANG_WARN_DIRECT_OBJC_ISA_USAGE = YES_ERROR;
				CLANG_WARN_DOCUMENTATION_COMMENTS = YES;
				CLANG_WARN_EMPTY_BODY = YES;
				CLANG_WARN_ENUM_CONVERSION = YES;
				CLANG_WARN_INFINITE_RECURSION = YES;
				CLANG_WARN_INT_CONVERSION = YES;
				CLANG_WARN_NON_LITERAL_NULL_CONVERSION = YES;
				CLANG_WARN_OBJC_IMPLICIT_RETAIN_SELF = YES;
				CLANG_WARN_OBJC_LITERAL_CONVERSION = YES;
				CLANG_WARN_OBJC_ROOT_CLASS = YES_ERROR;
				CLANG_WARN_QUOTED_INCLUDE_IN_FRAMEWORK_HEADER = YES;
				CLANG_WARN_RANGE_LOOP_ANALYSIS = YES;
				CLANG_WARN_STRICT_PROTOTYPES = YES;
				CLANG_WARN_SUSPICIOUS_MOVE = YES;
				CLANG_WARN_UNGUARDED_AVAILABILITY = YES_AGGRESSIVE;
				CLANG_WARN_UNREACHABLE_CODE = YES;
				CLANG_WARN__DUPLICATE_METHOD_MATCH = YES;
				COPY_PHASE_STRIP = NO;
				DEBUG_INFORMATION_FORMAT = "dwarf-with-dsym";
				ENABLE_NS_ASSERTIONS = NO;
				ENABLE_STRICT_OBJC_MSGSEND = YES;
				ENABLE_USER_SCRIPT_SANDBOXING = YES;
				GCC_C_LANGUAGE_STANDARD = gnu17;
				GCC_NO_COMMON_BLOCKS = YES;
				GCC_WARN_64_TO_32_BIT_CONVERSION = YES;
				GCC_WARN_ABOUT_RETURN_TYPE = YES_ERROR;
				GCC_WARN_UNDECLARED_SELECTOR = YES;
				GCC_WARN_UNINITIALIZED_AUTOS = YES_AGGRESSIVE;
				GCC_WARN_UNUSED_FUNCTION = YES;
				GCC_WARN_UNUSED_VARIABLE = YES;
				IPHONEOS_DEPLOYMENT_TARGET = 16.0;
				LOCALIZATION_PREFERS_STRING_CATALOGS = YES;
				MTL_ENABLE_DEBUG_INFO = NO;
				MTL_FAST_MATH = YES;
				SDKROOT = iphoneos;
				SWIFT_COMPILATION_MODE = wholemodule;
				VALIDATE_PRODUCT = YES;
			};
			name = Release;
		};
		AB34169C2C231C4B00698844 /* Debug */ = {
			isa = XCBuildConfiguration;
			buildSettings = {
				ASSETCATALOG_COMPILER_APPICON_NAME = AppIcon;
				ASSETCATALOG_COMPILER_GLOBAL_ACCENT_COLOR_NAME = AccentColor;
				CODE_SIGN_ENTITLEMENTS = ChattingApp/ChattingApp.entitlements;
				CODE_SIGN_STYLE = Automatic;
				CURRENT_PROJECT_VERSION = 1;
				DEVELOPMENT_ASSET_PATHS = "\"ChattingApp/Preview Content\"";
				DEVELOPMENT_TEAM = BTX96P3YD4;
				ENABLE_PREVIEWS = YES;
				GENERATE_INFOPLIST_FILE = YES;
				INFOPLIST_FILE = ChattingApp/Info.plist;
				INFOPLIST_KEY_NSContactsUsageDescription = "";
				INFOPLIST_KEY_UIApplicationSceneManifest_Generation = YES;
				INFOPLIST_KEY_UIApplicationSupportsIndirectInputEvents = YES;
				INFOPLIST_KEY_UILaunchScreen_Generation = YES;
				INFOPLIST_KEY_UILaunchStoryboardName = LaunchScreen;
				INFOPLIST_KEY_UISupportedInterfaceOrientations = UIInterfaceOrientationPortrait;
				IPHONEOS_DEPLOYMENT_TARGET = 16.0;
				LD_RUNPATH_SEARCH_PATHS = (
					"$(inherited)",
					"@executable_path/Frameworks",
				);
				MARKETING_VERSION = 1.0;
				PRODUCT_BUNDLE_IDENTIFIER = min.ChattingApp;
				PRODUCT_NAME = "$(TARGET_NAME)";
				SWIFT_EMIT_LOC_STRINGS = YES;
				SWIFT_VERSION = 5.0;
				TARGETED_DEVICE_FAMILY = "1,2";
			};
			name = Debug;
		};
		AB34169D2C231C4B00698844 /* Release */ = {
			isa = XCBuildConfiguration;
			buildSettings = {
				ASSETCATALOG_COMPILER_APPICON_NAME = AppIcon;
				ASSETCATALOG_COMPILER_GLOBAL_ACCENT_COLOR_NAME = AccentColor;
				CODE_SIGN_ENTITLEMENTS = ChattingApp/ChattingApp.entitlements;
				CODE_SIGN_STYLE = Automatic;
				CURRENT_PROJECT_VERSION = 1;
				DEVELOPMENT_ASSET_PATHS = "\"ChattingApp/Preview Content\"";
				DEVELOPMENT_TEAM = BTX96P3YD4;
				ENABLE_PREVIEWS = YES;
				GENERATE_INFOPLIST_FILE = YES;
				INFOPLIST_FILE = ChattingApp/Info.plist;
				INFOPLIST_KEY_NSContactsUsageDescription = "";
				INFOPLIST_KEY_UIApplicationSceneManifest_Generation = YES;
				INFOPLIST_KEY_UIApplicationSupportsIndirectInputEvents = YES;
				INFOPLIST_KEY_UILaunchScreen_Generation = YES;
				INFOPLIST_KEY_UILaunchStoryboardName = LaunchScreen;
				INFOPLIST_KEY_UISupportedInterfaceOrientations = UIInterfaceOrientationPortrait;
				IPHONEOS_DEPLOYMENT_TARGET = 16.0;
				LD_RUNPATH_SEARCH_PATHS = (
					"$(inherited)",
					"@executable_path/Frameworks",
				);
				MARKETING_VERSION = 1.0;
				PRODUCT_BUNDLE_IDENTIFIER = min.ChattingApp;
				PRODUCT_NAME = "$(TARGET_NAME)";
				SWIFT_EMIT_LOC_STRINGS = YES;
				SWIFT_VERSION = 5.0;
				TARGETED_DEVICE_FAMILY = "1,2";
			};
			name = Release;
		};
		AB34169F2C231C4B00698844 /* Debug */ = {
			isa = XCBuildConfiguration;
			buildSettings = {
				ALWAYS_EMBED_SWIFT_STANDARD_LIBRARIES = YES;
				BUNDLE_LOADER = "$(TEST_HOST)";
				CODE_SIGN_STYLE = Automatic;
				CURRENT_PROJECT_VERSION = 1;
				DEVELOPMENT_TEAM = BTX96P3YD4;
				GENERATE_INFOPLIST_FILE = YES;
				IPHONEOS_DEPLOYMENT_TARGET = 17.5;
				MARKETING_VERSION = 1.0;
				PRODUCT_BUNDLE_IDENTIFIER = min.ChattingAppTests;
				PRODUCT_NAME = "$(TARGET_NAME)";
				SWIFT_EMIT_LOC_STRINGS = NO;
				SWIFT_VERSION = 5.0;
				TARGETED_DEVICE_FAMILY = "1,2";
				TEST_HOST = "$(BUILT_PRODUCTS_DIR)/ChattingApp.app/$(BUNDLE_EXECUTABLE_FOLDER_PATH)/ChattingApp";
			};
			name = Debug;
		};
		AB3416A02C231C4B00698844 /* Release */ = {
			isa = XCBuildConfiguration;
			buildSettings = {
				ALWAYS_EMBED_SWIFT_STANDARD_LIBRARIES = YES;
				BUNDLE_LOADER = "$(TEST_HOST)";
				CODE_SIGN_STYLE = Automatic;
				CURRENT_PROJECT_VERSION = 1;
				DEVELOPMENT_TEAM = BTX96P3YD4;
				GENERATE_INFOPLIST_FILE = YES;
				IPHONEOS_DEPLOYMENT_TARGET = 17.5;
				MARKETING_VERSION = 1.0;
				PRODUCT_BUNDLE_IDENTIFIER = min.ChattingAppTests;
				PRODUCT_NAME = "$(TARGET_NAME)";
				SWIFT_EMIT_LOC_STRINGS = NO;
				SWIFT_VERSION = 5.0;
				TARGETED_DEVICE_FAMILY = "1,2";
				TEST_HOST = "$(BUILT_PRODUCTS_DIR)/ChattingApp.app/$(BUNDLE_EXECUTABLE_FOLDER_PATH)/ChattingApp";
			};
			name = Release;
		};
		AB3416A22C231C4B00698844 /* Debug */ = {
			isa = XCBuildConfiguration;
			buildSettings = {
				ALWAYS_EMBED_SWIFT_STANDARD_LIBRARIES = YES;
				CODE_SIGN_STYLE = Automatic;
				CURRENT_PROJECT_VERSION = 1;
				DEVELOPMENT_TEAM = BTX96P3YD4;
				GENERATE_INFOPLIST_FILE = YES;
				MARKETING_VERSION = 1.0;
				PRODUCT_BUNDLE_IDENTIFIER = min.ChattingAppUITests;
				PRODUCT_NAME = "$(TARGET_NAME)";
				SWIFT_EMIT_LOC_STRINGS = NO;
				SWIFT_VERSION = 5.0;
				TARGETED_DEVICE_FAMILY = "1,2";
				TEST_TARGET_NAME = ChattingApp;
			};
			name = Debug;
		};
		AB3416A32C231C4B00698844 /* Release */ = {
			isa = XCBuildConfiguration;
			buildSettings = {
				ALWAYS_EMBED_SWIFT_STANDARD_LIBRARIES = YES;
				CODE_SIGN_STYLE = Automatic;
				CURRENT_PROJECT_VERSION = 1;
				DEVELOPMENT_TEAM = BTX96P3YD4;
				GENERATE_INFOPLIST_FILE = YES;
				MARKETING_VERSION = 1.0;
				PRODUCT_BUNDLE_IDENTIFIER = min.ChattingAppUITests;
				PRODUCT_NAME = "$(TARGET_NAME)";
				SWIFT_EMIT_LOC_STRINGS = NO;
				SWIFT_VERSION = 5.0;
				TARGETED_DEVICE_FAMILY = "1,2";
				TEST_TARGET_NAME = ChattingApp;
			};
			name = Release;
		};
/* End XCBuildConfiguration section */

/* Begin XCConfigurationList section */
		AB3416722C231C4900698844 /* Build configuration list for PBXProject "ChattingApp" */ = {
			isa = XCConfigurationList;
			buildConfigurations = (
				AB3416992C231C4B00698844 /* Debug */,
				AB34169A2C231C4B00698844 /* Release */,
			);
			defaultConfigurationIsVisible = 0;
			defaultConfigurationName = Release;
		};
		AB34169B2C231C4B00698844 /* Build configuration list for PBXNativeTarget "ChattingApp" */ = {
			isa = XCConfigurationList;
			buildConfigurations = (
				AB34169C2C231C4B00698844 /* Debug */,
				AB34169D2C231C4B00698844 /* Release */,
			);
			defaultConfigurationIsVisible = 0;
			defaultConfigurationName = Release;
		};
		AB34169E2C231C4B00698844 /* Build configuration list for PBXNativeTarget "ChattingAppTests" */ = {
			isa = XCConfigurationList;
			buildConfigurations = (
				AB34169F2C231C4B00698844 /* Debug */,
				AB3416A02C231C4B00698844 /* Release */,
			);
			defaultConfigurationIsVisible = 0;
			defaultConfigurationName = Release;
		};
		AB3416A12C231C4B00698844 /* Build configuration list for PBXNativeTarget "ChattingAppUITests" */ = {
			isa = XCConfigurationList;
			buildConfigurations = (
				AB3416A22C231C4B00698844 /* Debug */,
				AB3416A32C231C4B00698844 /* Release */,
			);
			defaultConfigurationIsVisible = 0;
			defaultConfigurationName = Release;
		};
/* End XCConfigurationList section */

/* Begin XCRemoteSwiftPackageReference section */
		AB58AB052C243D6E0070420B /* XCRemoteSwiftPackageReference "firebase-ios-sdk" */ = {
			isa = XCRemoteSwiftPackageReference;
			repositoryURL = "https://github.com/firebase/firebase-ios-sdk";
			requirement = {
				kind = upToNextMajorVersion;
				minimumVersion = 10.28.0;
			};
		};
		AB58AB192C24491B0070420B /* XCRemoteSwiftPackageReference "GoogleSignIn-iOS" */ = {
			isa = XCRemoteSwiftPackageReference;
			repositoryURL = "https://github.com/google/GoogleSignIn-iOS";
			requirement = {
				kind = upToNextMajorVersion;
				minimumVersion = 7.1.0;
			};
		};
/* End XCRemoteSwiftPackageReference section */

/* Begin XCSwiftPackageProductDependency section */
		AB0BB6502C2DA8F000352256 /* FirebaseMessaging */ = {
			isa = XCSwiftPackageProductDependency;
			package = AB58AB052C243D6E0070420B /* XCRemoteSwiftPackageReference "firebase-ios-sdk" */;
			productName = FirebaseMessaging;
		};
		AB58AB062C243D6E0070420B /* FirebaseAuth */ = {
			isa = XCSwiftPackageProductDependency;
			package = AB58AB052C243D6E0070420B /* XCRemoteSwiftPackageReference "firebase-ios-sdk" */;
			productName = FirebaseAuth;
		};
		AB58AB1A2C24491B0070420B /* GoogleSignIn */ = {
			isa = XCSwiftPackageProductDependency;
			package = AB58AB192C24491B0070420B /* XCRemoteSwiftPackageReference "GoogleSignIn-iOS" */;
			productName = GoogleSignIn;
		};
		ABE8645E2C2B246800904AA9 /* FirebaseStorage */ = {
			isa = XCSwiftPackageProductDependency;
			package = AB58AB052C243D6E0070420B /* XCRemoteSwiftPackageReference "firebase-ios-sdk" */;
			productName = FirebaseStorage;
		};
		ABE864602C2B246800904AA9 /* FirebaseStorageCombine-Community */ = {
			isa = XCSwiftPackageProductDependency;
			package = AB58AB052C243D6E0070420B /* XCRemoteSwiftPackageReference "firebase-ios-sdk" */;
			productName = "FirebaseStorageCombine-Community";
		};
		ABF79DE22C283B8100212DA5 /* FirebaseDatabase */ = {
			isa = XCSwiftPackageProductDependency;
			package = AB58AB052C243D6E0070420B /* XCRemoteSwiftPackageReference "firebase-ios-sdk" */;
			productName = FirebaseDatabase;
		};
/* End XCSwiftPackageProductDependency section */
	};
	rootObject = AB34166F2C231C4900698844 /* Project object */;
}
