// !$*UTF8*$!
{
	archiveVersion = 1;
	classes = {
	};
	objectVersion = 56;
	objects = {

/* Begin PBXBuildFile section */
		AB32AAC92C21E0CE00AFF543 /* MessengerApp.swift in Sources */ = {isa = PBXBuildFile; fileRef = AB32AAC82C21E0CE00AFF543 /* MessengerApp.swift */; };
		AB32AACB2C21E0CE00AFF543 /* AuthenticatedView.swift in Sources */ = {isa = PBXBuildFile; fileRef = AB32AACA2C21E0CE00AFF543 /* AuthenticatedView.swift */; };
		AB32AACD2C21E0CF00AFF543 /* Assets.xcassets in Resources */ = {isa = PBXBuildFile; fileRef = AB32AACC2C21E0CF00AFF543 /* Assets.xcassets */; };
		AB32AAD02C21E0CF00AFF543 /* Preview Assets.xcassets in Resources */ = {isa = PBXBuildFile; fileRef = AB32AACF2C21E0CF00AFF543 /* Preview Assets.xcassets */; };
		AB32AADA2C21E0D000AFF543 /* MessengerTests.swift in Sources */ = {isa = PBXBuildFile; fileRef = AB32AAD92C21E0D000AFF543 /* MessengerTests.swift */; };
		AB32AAE42C21E0D000AFF543 /* MessengerUITests.swift in Sources */ = {isa = PBXBuildFile; fileRef = AB32AAE32C21E0D000AFF543 /* MessengerUITests.swift */; };
		AB32AAE62C21E0D000AFF543 /* MessengerUITestsLaunchTests.swift in Sources */ = {isa = PBXBuildFile; fileRef = AB32AAE52C21E0D000AFF543 /* MessengerUITestsLaunchTests.swift */; };
		AB32AAF92C21E1C400AFF543 /* Color+Extension.swift in Sources */ = {isa = PBXBuildFile; fileRef = AB32AAF82C21E1C400AFF543 /* Color+Extension.swift */; };
		AB32AAFF2C21E48800AFF543 /* LaunchScreen.storyboard in Resources */ = {isa = PBXBuildFile; fileRef = AB32AAFE2C21E48800AFF543 /* LaunchScreen.storyboard */; };
		AB32AB052C21E58200AFF543 /* DIContainer.swift in Sources */ = {isa = PBXBuildFile; fileRef = AB32AB042C21E58200AFF543 /* DIContainer.swift */; };
		AB32AB072C21E5A100AFF543 /* Services.swift in Sources */ = {isa = PBXBuildFile; fileRef = AB32AB062C21E5A100AFF543 /* Services.swift */; };
		AB32AB092C21E5ED00AFF543 /* AuthenticatedViewModel.swift in Sources */ = {isa = PBXBuildFile; fileRef = AB32AB082C21E5ED00AFF543 /* AuthenticatedViewModel.swift */; };
		AB32AB0E2C21E80D00AFF543 /* FirebaseAuth in Frameworks */ = {isa = PBXBuildFile; productRef = AB32AB0D2C21E80D00AFF543 /* FirebaseAuth */; };
		AB32AB102C21E80D00AFF543 /* FirebaseAuthCombine-Community in Frameworks */ = {isa = PBXBuildFile; productRef = AB32AB0F2C21E80D00AFF543 /* FirebaseAuthCombine-Community */; };
		AB32AB122C21E84400AFF543 /* AppDelegate.swift in Sources */ = {isa = PBXBuildFile; fileRef = AB32AB112C21E84400AFF543 /* AppDelegate.swift */; };
		AB32AB142C21E8FE00AFF543 /* GoogleService-Info.plist in Resources */ = {isa = PBXBuildFile; fileRef = AB32AB132C21E8FE00AFF543 /* GoogleService-Info.plist */; };
		AB32AB172C21E9AE00AFF543 /* AuthenticationService.swift in Sources */ = {isa = PBXBuildFile; fileRef = AB32AB162C21E9AE00AFF543 /* AuthenticationService.swift */; };
		AB32AB1B2C21EB3F00AFF543 /* LoginIntroView.swift in Sources */ = {isa = PBXBuildFile; fileRef = AB32AB1A2C21EB3F00AFF543 /* LoginIntroView.swift */; };
		AB32AB1D2C21EB4700AFF543 /* MainTabView.swift in Sources */ = {isa = PBXBuildFile; fileRef = AB32AB1C2C21EB4700AFF543 /* MainTabView.swift */; };
		AB32AB222C229B4000AFF543 /* LoginView.swift in Sources */ = {isa = PBXBuildFile; fileRef = AB32AB212C229B4000AFF543 /* LoginView.swift */; };
		AB32AB242C229BE700AFF543 /* LoginButtonStyle.swift in Sources */ = {isa = PBXBuildFile; fileRef = AB32AB232C229BE700AFF543 /* LoginButtonStyle.swift */; };
		AB32AB272C229FFB00AFF543 /* GoogleSignIn in Frameworks */ = {isa = PBXBuildFile; productRef = AB32AB262C229FFB00AFF543 /* GoogleSignIn */; };
		AB32AB2A2C22A11A00AFF543 /* User.swift in Sources */ = {isa = PBXBuildFile; fileRef = AB32AB292C22A11A00AFF543 /* User.swift */; };
		AB32AB2C2C22A14900AFF543 /* ServiceError.swift in Sources */ = {isa = PBXBuildFile; fileRef = AB32AB2B2C22A14900AFF543 /* ServiceError.swift */; };
		AB32AB332C22AA1900AFF543 /* RandomNounceString.swift in Sources */ = {isa = PBXBuildFile; fileRef = AB32AB322C22AA1800AFF543 /* RandomNounceString.swift */; };
		AB32AB352C22AA2E00AFF543 /* SHA256.swift in Sources */ = {isa = PBXBuildFile; fileRef = AB32AB342C22AA2E00AFF543 /* SHA256.swift */; };
		AB32AB372C22C55800AFF543 /* TabType.swift in Sources */ = {isa = PBXBuildFile; fileRef = AB32AB362C22C55800AFF543 /* TabType.swift */; };
		AB32AB3C2C22C63A00AFF543 /* HomeView.swift in Sources */ = {isa = PBXBuildFile; fileRef = AB32AB3B2C22C63A00AFF543 /* HomeView.swift */; };
		AB32AB3E2C22C64700AFF543 /* ChatListView.swift in Sources */ = {isa = PBXBuildFile; fileRef = AB32AB3D2C22C64700AFF543 /* ChatListView.swift */; };
		AB32AB402C22C79B00AFF543 /* HomeViewModel.swift in Sources */ = {isa = PBXBuildFile; fileRef = AB32AB3F2C22C79B00AFF543 /* HomeViewModel.swift */; };
		AB32AB432C22CF0000AFF543 /* FirebaseDatabase in Frameworks */ = {isa = PBXBuildFile; productRef = AB32AB422C22CF0000AFF543 /* FirebaseDatabase */; };
		AB32AB462C22D1E400AFF543 /* UserDBRepository.swift in Sources */ = {isa = PBXBuildFile; fileRef = AB32AB452C22D1E300AFF543 /* UserDBRepository.swift */; };
		AB32AB482C22D20200AFF543 /* UserService.swift in Sources */ = {isa = PBXBuildFile; fileRef = AB32AB472C22D20200AFF543 /* UserService.swift */; };
		AB32AB4B2C22D2B700AFF543 /* UserObject.swift in Sources */ = {isa = PBXBuildFile; fileRef = AB32AB4A2C22D2B700AFF543 /* UserObject.swift */; };
		AB32AB4D2C22D2F200AFF543 /* DBError.swift in Sources */ = {isa = PBXBuildFile; fileRef = AB32AB4C2C22D2F200AFF543 /* DBError.swift */; };
		AB32AB4F2C22D48D00AFF543 /* Constant.swift in Sources */ = {isa = PBXBuildFile; fileRef = AB32AB4E2C22D48D00AFF543 /* Constant.swift */; };
/* End PBXBuildFile section */

/* Begin PBXContainerItemProxy section */
		AB32AAD62C21E0D000AFF543 /* PBXContainerItemProxy */ = {
			isa = PBXContainerItemProxy;
			containerPortal = AB32AABD2C21E0CE00AFF543 /* Project object */;
			proxyType = 1;
			remoteGlobalIDString = AB32AAC42C21E0CE00AFF543;
			remoteInfo = Messenger;
		};
		AB32AAE02C21E0D000AFF543 /* PBXContainerItemProxy */ = {
			isa = PBXContainerItemProxy;
			containerPortal = AB32AABD2C21E0CE00AFF543 /* Project object */;
			proxyType = 1;
			remoteGlobalIDString = AB32AAC42C21E0CE00AFF543;
			remoteInfo = Messenger;
		};
/* End PBXContainerItemProxy section */

/* Begin PBXFileReference section */
		AB32AAC52C21E0CE00AFF543 /* Messenger.app */ = {isa = PBXFileReference; explicitFileType = wrapper.application; includeInIndex = 0; path = Messenger.app; sourceTree = BUILT_PRODUCTS_DIR; };
		AB32AAC82C21E0CE00AFF543 /* MessengerApp.swift */ = {isa = PBXFileReference; lastKnownFileType = sourcecode.swift; path = MessengerApp.swift; sourceTree = "<group>"; };
		AB32AACA2C21E0CE00AFF543 /* AuthenticatedView.swift */ = {isa = PBXFileReference; lastKnownFileType = sourcecode.swift; path = AuthenticatedView.swift; sourceTree = "<group>"; };
		AB32AACC2C21E0CF00AFF543 /* Assets.xcassets */ = {isa = PBXFileReference; lastKnownFileType = folder.assetcatalog; path = Assets.xcassets; sourceTree = "<group>"; };
		AB32AACF2C21E0CF00AFF543 /* Preview Assets.xcassets */ = {isa = PBXFileReference; lastKnownFileType = folder.assetcatalog; path = "Preview Assets.xcassets"; sourceTree = "<group>"; };
		AB32AAD52C21E0D000AFF543 /* MessengerTests.xctest */ = {isa = PBXFileReference; explicitFileType = wrapper.cfbundle; includeInIndex = 0; path = MessengerTests.xctest; sourceTree = BUILT_PRODUCTS_DIR; };
		AB32AAD92C21E0D000AFF543 /* MessengerTests.swift */ = {isa = PBXFileReference; lastKnownFileType = sourcecode.swift; path = MessengerTests.swift; sourceTree = "<group>"; };
		AB32AADF2C21E0D000AFF543 /* MessengerUITests.xctest */ = {isa = PBXFileReference; explicitFileType = wrapper.cfbundle; includeInIndex = 0; path = MessengerUITests.xctest; sourceTree = BUILT_PRODUCTS_DIR; };
		AB32AAE32C21E0D000AFF543 /* MessengerUITests.swift */ = {isa = PBXFileReference; lastKnownFileType = sourcecode.swift; path = MessengerUITests.swift; sourceTree = "<group>"; };
		AB32AAE52C21E0D000AFF543 /* MessengerUITestsLaunchTests.swift */ = {isa = PBXFileReference; lastKnownFileType = sourcecode.swift; path = MessengerUITestsLaunchTests.swift; sourceTree = "<group>"; };
		AB32AAF82C21E1C400AFF543 /* Color+Extension.swift */ = {isa = PBXFileReference; lastKnownFileType = sourcecode.swift; path = "Color+Extension.swift"; sourceTree = "<group>"; };
		AB32AAFA2C21E30600AFF543 /* Colors.xcassets */ = {isa = PBXFileReference; lastKnownFileType = folder.assetcatalog; path = Colors.xcassets; sourceTree = "<group>"; };
		AB32AAFE2C21E48800AFF543 /* LaunchScreen.storyboard */ = {isa = PBXFileReference; lastKnownFileType = file.storyboard; path = LaunchScreen.storyboard; sourceTree = "<group>"; };
		AB32AB042C21E58200AFF543 /* DIContainer.swift */ = {isa = PBXFileReference; lastKnownFileType = sourcecode.swift; path = DIContainer.swift; sourceTree = "<group>"; };
		AB32AB062C21E5A100AFF543 /* Services.swift */ = {isa = PBXFileReference; lastKnownFileType = sourcecode.swift; path = Services.swift; sourceTree = "<group>"; };
		AB32AB082C21E5ED00AFF543 /* AuthenticatedViewModel.swift */ = {isa = PBXFileReference; lastKnownFileType = sourcecode.swift; path = AuthenticatedViewModel.swift; sourceTree = "<group>"; };
		AB32AB112C21E84400AFF543 /* AppDelegate.swift */ = {isa = PBXFileReference; lastKnownFileType = sourcecode.swift; path = AppDelegate.swift; sourceTree = "<group>"; };
		AB32AB132C21E8FE00AFF543 /* GoogleService-Info.plist */ = {isa = PBXFileReference; fileEncoding = 4; lastKnownFileType = text.plist.xml; path = "GoogleService-Info.plist"; sourceTree = "<group>"; };
		AB32AB152C21E92900AFF543 /* Info.plist */ = {isa = PBXFileReference; lastKnownFileType = text.plist; path = Info.plist; sourceTree = "<group>"; };
		AB32AB162C21E9AE00AFF543 /* AuthenticationService.swift */ = {isa = PBXFileReference; lastKnownFileType = sourcecode.swift; path = AuthenticationService.swift; sourceTree = "<group>"; };
		AB32AB1A2C21EB3F00AFF543 /* LoginIntroView.swift */ = {isa = PBXFileReference; lastKnownFileType = sourcecode.swift; path = LoginIntroView.swift; sourceTree = "<group>"; };
		AB32AB1C2C21EB4700AFF543 /* MainTabView.swift */ = {isa = PBXFileReference; lastKnownFileType = sourcecode.swift; path = MainTabView.swift; sourceTree = "<group>"; };
		AB32AB212C229B4000AFF543 /* LoginView.swift */ = {isa = PBXFileReference; lastKnownFileType = sourcecode.swift; path = LoginView.swift; sourceTree = "<group>"; };
		AB32AB232C229BE700AFF543 /* LoginButtonStyle.swift */ = {isa = PBXFileReference; lastKnownFileType = sourcecode.swift; path = LoginButtonStyle.swift; sourceTree = "<group>"; };
		AB32AB292C22A11A00AFF543 /* User.swift */ = {isa = PBXFileReference; lastKnownFileType = sourcecode.swift; path = User.swift; sourceTree = "<group>"; };
		AB32AB2B2C22A14900AFF543 /* ServiceError.swift */ = {isa = PBXFileReference; lastKnownFileType = sourcecode.swift; path = ServiceError.swift; sourceTree = "<group>"; };
		AB32AB2D2C22A81500AFF543 /* Messenger.entitlements */ = {isa = PBXFileReference; lastKnownFileType = text.plist.entitlements; path = Messenger.entitlements; sourceTree = "<group>"; };
		AB32AB322C22AA1800AFF543 /* RandomNounceString.swift */ = {isa = PBXFileReference; lastKnownFileType = sourcecode.swift; path = RandomNounceString.swift; sourceTree = "<group>"; };
		AB32AB342C22AA2E00AFF543 /* SHA256.swift */ = {isa = PBXFileReference; lastKnownFileType = sourcecode.swift; path = SHA256.swift; sourceTree = "<group>"; };
		AB32AB362C22C55800AFF543 /* TabType.swift */ = {isa = PBXFileReference; lastKnownFileType = sourcecode.swift; path = TabType.swift; sourceTree = "<group>"; };
		AB32AB3B2C22C63A00AFF543 /* HomeView.swift */ = {isa = PBXFileReference; lastKnownFileType = sourcecode.swift; path = HomeView.swift; sourceTree = "<group>"; };
		AB32AB3D2C22C64700AFF543 /* ChatListView.swift */ = {isa = PBXFileReference; lastKnownFileType = sourcecode.swift; path = ChatListView.swift; sourceTree = "<group>"; };
		AB32AB3F2C22C79B00AFF543 /* HomeViewModel.swift */ = {isa = PBXFileReference; lastKnownFileType = sourcecode.swift; path = HomeViewModel.swift; sourceTree = "<group>"; };
		AB32AB452C22D1E300AFF543 /* UserDBRepository.swift */ = {isa = PBXFileReference; lastKnownFileType = sourcecode.swift; path = UserDBRepository.swift; sourceTree = "<group>"; };
		AB32AB472C22D20200AFF543 /* UserService.swift */ = {isa = PBXFileReference; lastKnownFileType = sourcecode.swift; path = UserService.swift; sourceTree = "<group>"; };
		AB32AB4A2C22D2B700AFF543 /* UserObject.swift */ = {isa = PBXFileReference; lastKnownFileType = sourcecode.swift; path = UserObject.swift; sourceTree = "<group>"; };
		AB32AB4C2C22D2F200AFF543 /* DBError.swift */ = {isa = PBXFileReference; lastKnownFileType = sourcecode.swift; path = DBError.swift; sourceTree = "<group>"; };
		AB32AB4E2C22D48D00AFF543 /* Constant.swift */ = {isa = PBXFileReference; lastKnownFileType = sourcecode.swift; path = Constant.swift; sourceTree = "<group>"; };
/* End PBXFileReference section */

/* Begin PBXFrameworksBuildPhase section */
		AB32AAC22C21E0CE00AFF543 /* Frameworks */ = {
			isa = PBXFrameworksBuildPhase;
			buildActionMask = 2147483647;
			files = (
				AB32AB0E2C21E80D00AFF543 /* FirebaseAuth in Frameworks */,
				AB32AB102C21E80D00AFF543 /* FirebaseAuthCombine-Community in Frameworks */,
				AB32AB432C22CF0000AFF543 /* FirebaseDatabase in Frameworks */,
				AB32AB272C229FFB00AFF543 /* GoogleSignIn in Frameworks */,
			);
			runOnlyForDeploymentPostprocessing = 0;
		};
		AB32AAD22C21E0D000AFF543 /* Frameworks */ = {
			isa = PBXFrameworksBuildPhase;
			buildActionMask = 2147483647;
			files = (
			);
			runOnlyForDeploymentPostprocessing = 0;
		};
		AB32AADC2C21E0D000AFF543 /* Frameworks */ = {
			isa = PBXFrameworksBuildPhase;
			buildActionMask = 2147483647;
			files = (
			);
			runOnlyForDeploymentPostprocessing = 0;
		};
/* End PBXFrameworksBuildPhase section */

/* Begin PBXGroup section */
		AB32AABC2C21E0CE00AFF543 = {
			isa = PBXGroup;
			children = (
				AB32AAC72C21E0CE00AFF543 /* Messenger */,
				AB32AAD82C21E0D000AFF543 /* MessengerTests */,
				AB32AAE22C21E0D000AFF543 /* MessengerUITests */,
				AB32AAC62C21E0CE00AFF543 /* Products */,
				AB32AB412C22CF0000AFF543 /* Frameworks */,
			);
			sourceTree = "<group>";
		};
		AB32AAC62C21E0CE00AFF543 /* Products */ = {
			isa = PBXGroup;
			children = (
				AB32AAC52C21E0CE00AFF543 /* Messenger.app */,
				AB32AAD52C21E0D000AFF543 /* MessengerTests.xctest */,
				AB32AADF2C21E0D000AFF543 /* MessengerUITests.xctest */,
			);
			name = Products;
			sourceTree = "<group>";
		};
		AB32AAC72C21E0CE00AFF543 /* Messenger */ = {
			isa = PBXGroup;
			children = (
				AB32AB2D2C22A81500AFF543 /* Messenger.entitlements */,
				AB32AB152C21E92900AFF543 /* Info.plist */,
				AB32AB132C21E8FE00AFF543 /* GoogleService-Info.plist */,
				AB32AB002C21E55800AFF543 /* General */,
				AB32AB022C21E56000AFF543 /* Screen */,
				AB32AB282C22A11400AFF543 /* Model */,
				AB32AB012C21E55C00AFF543 /* Service */,
				AB32AB442C22D1D500AFF543 /* Repository */,
				AB32AAF52C21E13D00AFF543 /* Extension */,
				AB32AB312C22AA0E00AFF543 /* Util */,
				AB32AAF22C21E10400AFF543 /* Resource */,
				AB32AAC82C21E0CE00AFF543 /* MessengerApp.swift */,
				AB32AACE2C21E0CF00AFF543 /* Preview Content */,
				AB32AB112C21E84400AFF543 /* AppDelegate.swift */,
			);
			path = Messenger;
			sourceTree = "<group>";
		};
		AB32AACE2C21E0CF00AFF543 /* Preview Content */ = {
			isa = PBXGroup;
			children = (
				AB32AACF2C21E0CF00AFF543 /* Preview Assets.xcassets */,
			);
			path = "Preview Content";
			sourceTree = "<group>";
		};
		AB32AAD82C21E0D000AFF543 /* MessengerTests */ = {
			isa = PBXGroup;
			children = (
				AB32AAD92C21E0D000AFF543 /* MessengerTests.swift */,
			);
			path = MessengerTests;
			sourceTree = "<group>";
		};
		AB32AAE22C21E0D000AFF543 /* MessengerUITests */ = {
			isa = PBXGroup;
			children = (
				AB32AAE32C21E0D000AFF543 /* MessengerUITests.swift */,
				AB32AAE52C21E0D000AFF543 /* MessengerUITestsLaunchTests.swift */,
			);
			path = MessengerUITests;
			sourceTree = "<group>";
		};
		AB32AAF22C21E10400AFF543 /* Resource */ = {
			isa = PBXGroup;
			children = (
				AB32AACC2C21E0CF00AFF543 /* Assets.xcassets */,
				AB32AAFA2C21E30600AFF543 /* Colors.xcassets */,
				AB32AAFE2C21E48800AFF543 /* LaunchScreen.storyboard */,
			);
			path = Resource;
			sourceTree = "<group>";
		};
		AB32AAF52C21E13D00AFF543 /* Extension */ = {
			isa = PBXGroup;
			children = (
				AB32AAF82C21E1C400AFF543 /* Color+Extension.swift */,
			);
			path = Extension;
			sourceTree = "<group>";
		};
		AB32AB002C21E55800AFF543 /* General */ = {
			isa = PBXGroup;
			children = (
				AB32AB042C21E58200AFF543 /* DIContainer.swift */,
				AB32AB4E2C22D48D00AFF543 /* Constant.swift */,
			);
			path = General;
			sourceTree = "<group>";
		};
		AB32AB012C21E55C00AFF543 /* Service */ = {
			isa = PBXGroup;
			children = (
				AB32AB062C21E5A100AFF543 /* Services.swift */,
				AB32AB162C21E9AE00AFF543 /* AuthenticationService.swift */,
				AB32AB2B2C22A14900AFF543 /* ServiceError.swift */,
				AB32AB472C22D20200AFF543 /* UserService.swift */,
			);
			path = Service;
			sourceTree = "<group>";
		};
		AB32AB022C21E56000AFF543 /* Screen */ = {
			isa = PBXGroup;
			children = (
				AB32AB032C21E57300AFF543 /* Authentication */,
				AB32AB182C21EB2000AFF543 /* Login */,
				AB32AB382C22C61200AFF543 /* Home */,
				AB32AB392C22C61800AFF543 /* Chat */,
				AB32AB192C21EB2500AFF543 /* MainTab */,
			);
			path = Screen;
			sourceTree = "<group>";
		};
		AB32AB032C21E57300AFF543 /* Authentication */ = {
			isa = PBXGroup;
			children = (
				AB32AACA2C21E0CE00AFF543 /* AuthenticatedView.swift */,
				AB32AB082C21E5ED00AFF543 /* AuthenticatedViewModel.swift */,
			);
			path = Authentication;
			sourceTree = "<group>";
		};
		AB32AB182C21EB2000AFF543 /* Login */ = {
			isa = PBXGroup;
			children = (
				AB32AB1A2C21EB3F00AFF543 /* LoginIntroView.swift */,
				AB32AB212C229B4000AFF543 /* LoginView.swift */,
				AB32AB232C229BE700AFF543 /* LoginButtonStyle.swift */,
			);
			path = Login;
			sourceTree = "<group>";
		};
		AB32AB192C21EB2500AFF543 /* MainTab */ = {
			isa = PBXGroup;
			children = (
				AB32AB1C2C21EB4700AFF543 /* MainTabView.swift */,
				AB32AB362C22C55800AFF543 /* TabType.swift */,
			);
			path = MainTab;
			sourceTree = "<group>";
		};
		AB32AB282C22A11400AFF543 /* Model */ = {
			isa = PBXGroup;
			children = (
				AB32AB292C22A11A00AFF543 /* User.swift */,
			);
			path = Model;
			sourceTree = "<group>";
		};
		AB32AB312C22AA0E00AFF543 /* Util */ = {
			isa = PBXGroup;
			children = (
				AB32AB322C22AA1800AFF543 /* RandomNounceString.swift */,
				AB32AB342C22AA2E00AFF543 /* SHA256.swift */,
			);
			path = Util;
			sourceTree = "<group>";
		};
		AB32AB382C22C61200AFF543 /* Home */ = {
			isa = PBXGroup;
			children = (
				AB32AB3B2C22C63A00AFF543 /* HomeView.swift */,
				AB32AB3F2C22C79B00AFF543 /* HomeViewModel.swift */,
			);
			path = Home;
			sourceTree = "<group>";
		};
		AB32AB392C22C61800AFF543 /* Chat */ = {
			isa = PBXGroup;
			children = (
				AB32AB3D2C22C64700AFF543 /* ChatListView.swift */,
			);
			path = Chat;
			sourceTree = "<group>";
		};
		AB32AB412C22CF0000AFF543 /* Frameworks */ = {
			isa = PBXGroup;
			children = (
			);
			name = Frameworks;
			sourceTree = "<group>";
		};
		AB32AB442C22D1D500AFF543 /* Repository */ = {
			isa = PBXGroup;
			children = (
				AB32AB492C22D2AA00AFF543 /* DTO */,
				AB32AB452C22D1E300AFF543 /* UserDBRepository.swift */,
				AB32AB4C2C22D2F200AFF543 /* DBError.swift */,
			);
			path = Repository;
			sourceTree = "<group>";
		};
		AB32AB492C22D2AA00AFF543 /* DTO */ = {
			isa = PBXGroup;
			children = (
				AB32AB4A2C22D2B700AFF543 /* UserObject.swift */,
			);
			path = DTO;
			sourceTree = "<group>";
		};
/* End PBXGroup section */

/* Begin PBXNativeTarget section */
		AB32AAC42C21E0CE00AFF543 /* Messenger */ = {
			isa = PBXNativeTarget;
			buildConfigurationList = AB32AAE92C21E0D000AFF543 /* Build configuration list for PBXNativeTarget "Messenger" */;
			buildPhases = (
				AB32AAC12C21E0CE00AFF543 /* Sources */,
				AB32AAC22C21E0CE00AFF543 /* Frameworks */,
				AB32AAC32C21E0CE00AFF543 /* Resources */,
			);
			buildRules = (
			);
			dependencies = (
			);
			name = Messenger;
			packageProductDependencies = (
				AB32AB0D2C21E80D00AFF543 /* FirebaseAuth */,
				AB32AB0F2C21E80D00AFF543 /* FirebaseAuthCombine-Community */,
				AB32AB262C229FFB00AFF543 /* GoogleSignIn */,
				AB32AB422C22CF0000AFF543 /* FirebaseDatabase */,
			);
			productName = Messenger;
			productReference = AB32AAC52C21E0CE00AFF543 /* Messenger.app */;
			productType = "com.apple.product-type.application";
		};
		AB32AAD42C21E0D000AFF543 /* MessengerTests */ = {
			isa = PBXNativeTarget;
			buildConfigurationList = AB32AAEC2C21E0D000AFF543 /* Build configuration list for PBXNativeTarget "MessengerTests" */;
			buildPhases = (
				AB32AAD12C21E0D000AFF543 /* Sources */,
				AB32AAD22C21E0D000AFF543 /* Frameworks */,
				AB32AAD32C21E0D000AFF543 /* Resources */,
			);
			buildRules = (
			);
			dependencies = (
				AB32AAD72C21E0D000AFF543 /* PBXTargetDependency */,
			);
			name = MessengerTests;
			productName = MessengerTests;
			productReference = AB32AAD52C21E0D000AFF543 /* MessengerTests.xctest */;
			productType = "com.apple.product-type.bundle.unit-test";
		};
		AB32AADE2C21E0D000AFF543 /* MessengerUITests */ = {
			isa = PBXNativeTarget;
			buildConfigurationList = AB32AAEF2C21E0D000AFF543 /* Build configuration list for PBXNativeTarget "MessengerUITests" */;
			buildPhases = (
				AB32AADB2C21E0D000AFF543 /* Sources */,
				AB32AADC2C21E0D000AFF543 /* Frameworks */,
				AB32AADD2C21E0D000AFF543 /* Resources */,
			);
			buildRules = (
			);
			dependencies = (
				AB32AAE12C21E0D000AFF543 /* PBXTargetDependency */,
			);
			name = MessengerUITests;
			productName = MessengerUITests;
			productReference = AB32AADF2C21E0D000AFF543 /* MessengerUITests.xctest */;
			productType = "com.apple.product-type.bundle.ui-testing";
		};
/* End PBXNativeTarget section */

/* Begin PBXProject section */
		AB32AABD2C21E0CE00AFF543 /* Project object */ = {
			isa = PBXProject;
			attributes = {
				BuildIndependentTargetsInParallel = 1;
				LastSwiftUpdateCheck = 1540;
				LastUpgradeCheck = 1540;
				TargetAttributes = {
					AB32AAC42C21E0CE00AFF543 = {
						CreatedOnToolsVersion = 15.4;
					};
					AB32AAD42C21E0D000AFF543 = {
						CreatedOnToolsVersion = 15.4;
						TestTargetID = AB32AAC42C21E0CE00AFF543;
					};
					AB32AADE2C21E0D000AFF543 = {
						CreatedOnToolsVersion = 15.4;
						TestTargetID = AB32AAC42C21E0CE00AFF543;
					};
				};
			};
			buildConfigurationList = AB32AAC02C21E0CE00AFF543 /* Build configuration list for PBXProject "Messenger" */;
			compatibilityVersion = "Xcode 14.0";
			developmentRegion = en;
			hasScannedForEncodings = 0;
			knownRegions = (
				en,
				Base,
			);
			mainGroup = AB32AABC2C21E0CE00AFF543;
			packageReferences = (
				AB32AB0C2C21E80D00AFF543 /* XCRemoteSwiftPackageReference "firebase-ios-sdk" */,
				AB32AB252C229FFB00AFF543 /* XCRemoteSwiftPackageReference "GoogleSignIn-iOS" */,
			);
			productRefGroup = AB32AAC62C21E0CE00AFF543 /* Products */;
			projectDirPath = "";
			projectRoot = "";
			targets = (
				AB32AAC42C21E0CE00AFF543 /* Messenger */,
				AB32AAD42C21E0D000AFF543 /* MessengerTests */,
				AB32AADE2C21E0D000AFF543 /* MessengerUITests */,
			);
		};
/* End PBXProject section */

/* Begin PBXResourcesBuildPhase section */
		AB32AAC32C21E0CE00AFF543 /* Resources */ = {
			isa = PBXResourcesBuildPhase;
			buildActionMask = 2147483647;
			files = (
				AB32AB142C21E8FE00AFF543 /* GoogleService-Info.plist in Resources */,
				AB32AAFF2C21E48800AFF543 /* LaunchScreen.storyboard in Resources */,
				AB32AAD02C21E0CF00AFF543 /* Preview Assets.xcassets in Resources */,
				AB32AACD2C21E0CF00AFF543 /* Assets.xcassets in Resources */,
			);
			runOnlyForDeploymentPostprocessing = 0;
		};
		AB32AAD32C21E0D000AFF543 /* Resources */ = {
			isa = PBXResourcesBuildPhase;
			buildActionMask = 2147483647;
			files = (
			);
			runOnlyForDeploymentPostprocessing = 0;
		};
		AB32AADD2C21E0D000AFF543 /* Resources */ = {
			isa = PBXResourcesBuildPhase;
			buildActionMask = 2147483647;
			files = (
			);
			runOnlyForDeploymentPostprocessing = 0;
		};
/* End PBXResourcesBuildPhase section */

/* Begin PBXSourcesBuildPhase section */
		AB32AAC12C21E0CE00AFF543 /* Sources */ = {
			isa = PBXSourcesBuildPhase;
			buildActionMask = 2147483647;
			files = (
				AB32AB4D2C22D2F200AFF543 /* DBError.swift in Sources */,
				AB32AB352C22AA2E00AFF543 /* SHA256.swift in Sources */,
				AB32AB332C22AA1900AFF543 /* RandomNounceString.swift in Sources */,
				AB32AB2A2C22A11A00AFF543 /* User.swift in Sources */,
				AB32AB4B2C22D2B700AFF543 /* UserObject.swift in Sources */,
				AB32AB402C22C79B00AFF543 /* HomeViewModel.swift in Sources */,
				AB32AB1B2C21EB3F00AFF543 /* LoginIntroView.swift in Sources */,
				AB32AB092C21E5ED00AFF543 /* AuthenticatedViewModel.swift in Sources */,
				AB32AB482C22D20200AFF543 /* UserService.swift in Sources */,
				AB32AB462C22D1E400AFF543 /* UserDBRepository.swift in Sources */,
				AB32AB052C21E58200AFF543 /* DIContainer.swift in Sources */,
				AB32AB372C22C55800AFF543 /* TabType.swift in Sources */,
				AB32AACB2C21E0CE00AFF543 /* AuthenticatedView.swift in Sources */,
				AB32AB3E2C22C64700AFF543 /* ChatListView.swift in Sources */,
				AB32AB072C21E5A100AFF543 /* Services.swift in Sources */,
				AB32AB3C2C22C63A00AFF543 /* HomeView.swift in Sources */,
				AB32AB122C21E84400AFF543 /* AppDelegate.swift in Sources */,
				AB32AB4F2C22D48D00AFF543 /* Constant.swift in Sources */,
				AB32AAF92C21E1C400AFF543 /* Color+Extension.swift in Sources */,
				AB32AB242C229BE700AFF543 /* LoginButtonStyle.swift in Sources */,
				AB32AAC92C21E0CE00AFF543 /* MessengerApp.swift in Sources */,
				AB32AB222C229B4000AFF543 /* LoginView.swift in Sources */,
				AB32AB172C21E9AE00AFF543 /* AuthenticationService.swift in Sources */,
				AB32AB2C2C22A14900AFF543 /* ServiceError.swift in Sources */,
				AB32AB1D2C21EB4700AFF543 /* MainTabView.swift in Sources */,
			);
			runOnlyForDeploymentPostprocessing = 0;
		};
		AB32AAD12C21E0D000AFF543 /* Sources */ = {
			isa = PBXSourcesBuildPhase;
			buildActionMask = 2147483647;
			files = (
				AB32AADA2C21E0D000AFF543 /* MessengerTests.swift in Sources */,
			);
			runOnlyForDeploymentPostprocessing = 0;
		};
		AB32AADB2C21E0D000AFF543 /* Sources */ = {
			isa = PBXSourcesBuildPhase;
			buildActionMask = 2147483647;
			files = (
				AB32AAE62C21E0D000AFF543 /* MessengerUITestsLaunchTests.swift in Sources */,
				AB32AAE42C21E0D000AFF543 /* MessengerUITests.swift in Sources */,
			);
			runOnlyForDeploymentPostprocessing = 0;
		};
/* End PBXSourcesBuildPhase section */

/* Begin PBXTargetDependency section */
		AB32AAD72C21E0D000AFF543 /* PBXTargetDependency */ = {
			isa = PBXTargetDependency;
			target = AB32AAC42C21E0CE00AFF543 /* Messenger */;
			targetProxy = AB32AAD62C21E0D000AFF543 /* PBXContainerItemProxy */;
		};
		AB32AAE12C21E0D000AFF543 /* PBXTargetDependency */ = {
			isa = PBXTargetDependency;
			target = AB32AAC42C21E0CE00AFF543 /* Messenger */;
			targetProxy = AB32AAE02C21E0D000AFF543 /* PBXContainerItemProxy */;
		};
/* End PBXTargetDependency section */

/* Begin XCBuildConfiguration section */
		AB32AAE72C21E0D000AFF543 /* Debug */ = {
			isa = XCBuildConfiguration;
			buildSettings = {
				ALWAYS_SEARCH_USER_PATHS = NO;
				ASSETCATALOG_COMPILER_GENERATE_SWIFT_ASSET_SYMBOL_EXTENSIONS = YES;
				CLANG_ANALYZER_NONNULL = YES;
				CLANG_ANALYZER_NUMBER_OBJECT_CONVERSION = YES_AGGRESSIVE;
				CLANG_CXX_LANGUAGE_STANDARD = "gnu++20";
				CLANG_ENABLE_MODULES = YES;
				CLANG_ENABLE_OBJC_ARC = YES;
				CLANG_ENABLE_OBJC_WEAK = YES;
				CLANG_WARN_BLOCK_CAPTURE_AUTORELEASING = YES;
				CLANG_WARN_BOOL_CONVERSION = YES;
				CLANG_WARN_COMMA = YES;
				CLANG_WARN_CONSTANT_CONVERSION = YES;
				CLANG_WARN_DEPRECATED_OBJC_IMPLEMENTATIONS = YES;
				CLANG_WARN_DIRECT_OBJC_ISA_USAGE = YES_ERROR;
				CLANG_WARN_DOCUMENTATION_COMMENTS = YES;
				CLANG_WARN_EMPTY_BODY = YES;
				CLANG_WARN_ENUM_CONVERSION = YES;
				CLANG_WARN_INFINITE_RECURSION = YES;
				CLANG_WARN_INT_CONVERSION = YES;
				CLANG_WARN_NON_LITERAL_NULL_CONVERSION = YES;
				CLANG_WARN_OBJC_IMPLICIT_RETAIN_SELF = YES;
				CLANG_WARN_OBJC_LITERAL_CONVERSION = YES;
				CLANG_WARN_OBJC_ROOT_CLASS = YES_ERROR;
				CLANG_WARN_QUOTED_INCLUDE_IN_FRAMEWORK_HEADER = YES;
				CLANG_WARN_RANGE_LOOP_ANALYSIS = YES;
				CLANG_WARN_STRICT_PROTOTYPES = YES;
				CLANG_WARN_SUSPICIOUS_MOVE = YES;
				CLANG_WARN_UNGUARDED_AVAILABILITY = YES_AGGRESSIVE;
				CLANG_WARN_UNREACHABLE_CODE = YES;
				CLANG_WARN__DUPLICATE_METHOD_MATCH = YES;
				COPY_PHASE_STRIP = NO;
				DEBUG_INFORMATION_FORMAT = dwarf;
				ENABLE_STRICT_OBJC_MSGSEND = YES;
				ENABLE_TESTABILITY = YES;
				ENABLE_USER_SCRIPT_SANDBOXING = YES;
				GCC_C_LANGUAGE_STANDARD = gnu17;
				GCC_DYNAMIC_NO_PIC = NO;
				GCC_NO_COMMON_BLOCKS = YES;
				GCC_OPTIMIZATION_LEVEL = 0;
				GCC_PREPROCESSOR_DEFINITIONS = (
					"DEBUG=1",
					"$(inherited)",
				);
				GCC_WARN_64_TO_32_BIT_CONVERSION = YES;
				GCC_WARN_ABOUT_RETURN_TYPE = YES_ERROR;
				GCC_WARN_UNDECLARED_SELECTOR = YES;
				GCC_WARN_UNINITIALIZED_AUTOS = YES_AGGRESSIVE;
				GCC_WARN_UNUSED_FUNCTION = YES;
				GCC_WARN_UNUSED_VARIABLE = YES;
				IPHONEOS_DEPLOYMENT_TARGET = 16.0;
				LOCALIZATION_PREFERS_STRING_CATALOGS = YES;
				MTL_ENABLE_DEBUG_INFO = INCLUDE_SOURCE;
				MTL_FAST_MATH = YES;
				ONLY_ACTIVE_ARCH = YES;
				SDKROOT = iphoneos;
				SWIFT_ACTIVE_COMPILATION_CONDITIONS = "DEBUG $(inherited)";
				SWIFT_OPTIMIZATION_LEVEL = "-Onone";
			};
			name = Debug;
		};
		AB32AAE82C21E0D000AFF543 /* Release */ = {
			isa = XCBuildConfiguration;
			buildSettings = {
				ALWAYS_SEARCH_USER_PATHS = NO;
				ASSETCATALOG_COMPILER_GENERATE_SWIFT_ASSET_SYMBOL_EXTENSIONS = YES;
				CLANG_ANALYZER_NONNULL = YES;
				CLANG_ANALYZER_NUMBER_OBJECT_CONVERSION = YES_AGGRESSIVE;
				CLANG_CXX_LANGUAGE_STANDARD = "gnu++20";
				CLANG_ENABLE_MODULES = YES;
				CLANG_ENABLE_OBJC_ARC = YES;
				CLANG_ENABLE_OBJC_WEAK = YES;
				CLANG_WARN_BLOCK_CAPTURE_AUTORELEASING = YES;
				CLANG_WARN_BOOL_CONVERSION = YES;
				CLANG_WARN_COMMA = YES;
				CLANG_WARN_CONSTANT_CONVERSION = YES;
				CLANG_WARN_DEPRECATED_OBJC_IMPLEMENTATIONS = YES;
				CLANG_WARN_DIRECT_OBJC_ISA_USAGE = YES_ERROR;
				CLANG_WARN_DOCUMENTATION_COMMENTS = YES;
				CLANG_WARN_EMPTY_BODY = YES;
				CLANG_WARN_ENUM_CONVERSION = YES;
				CLANG_WARN_INFINITE_RECURSION = YES;
				CLANG_WARN_INT_CONVERSION = YES;
				CLANG_WARN_NON_LITERAL_NULL_CONVERSION = YES;
				CLANG_WARN_OBJC_IMPLICIT_RETAIN_SELF = YES;
				CLANG_WARN_OBJC_LITERAL_CONVERSION = YES;
				CLANG_WARN_OBJC_ROOT_CLASS = YES_ERROR;
				CLANG_WARN_QUOTED_INCLUDE_IN_FRAMEWORK_HEADER = YES;
				CLANG_WARN_RANGE_LOOP_ANALYSIS = YES;
				CLANG_WARN_STRICT_PROTOTYPES = YES;
				CLANG_WARN_SUSPICIOUS_MOVE = YES;
				CLANG_WARN_UNGUARDED_AVAILABILITY = YES_AGGRESSIVE;
				CLANG_WARN_UNREACHABLE_CODE = YES;
				CLANG_WARN__DUPLICATE_METHOD_MATCH = YES;
				COPY_PHASE_STRIP = NO;
				DEBUG_INFORMATION_FORMAT = "dwarf-with-dsym";
				ENABLE_NS_ASSERTIONS = NO;
				ENABLE_STRICT_OBJC_MSGSEND = YES;
				ENABLE_USER_SCRIPT_SANDBOXING = YES;
				GCC_C_LANGUAGE_STANDARD = gnu17;
				GCC_NO_COMMON_BLOCKS = YES;
				GCC_WARN_64_TO_32_BIT_CONVERSION = YES;
				GCC_WARN_ABOUT_RETURN_TYPE = YES_ERROR;
				GCC_WARN_UNDECLARED_SELECTOR = YES;
				GCC_WARN_UNINITIALIZED_AUTOS = YES_AGGRESSIVE;
				GCC_WARN_UNUSED_FUNCTION = YES;
				GCC_WARN_UNUSED_VARIABLE = YES;
				IPHONEOS_DEPLOYMENT_TARGET = 16.0;
				LOCALIZATION_PREFERS_STRING_CATALOGS = YES;
				MTL_ENABLE_DEBUG_INFO = NO;
				MTL_FAST_MATH = YES;
				SDKROOT = iphoneos;
				SWIFT_COMPILATION_MODE = wholemodule;
				VALIDATE_PRODUCT = YES;
			};
			name = Release;
		};
		AB32AAEA2C21E0D000AFF543 /* Debug */ = {
			isa = XCBuildConfiguration;
			buildSettings = {
				ASSETCATALOG_COMPILER_APPICON_NAME = AppIcon;
				ASSETCATALOG_COMPILER_GLOBAL_ACCENT_COLOR_NAME = AccentColor;
				CODE_SIGN_ENTITLEMENTS = Messenger/Messenger.entitlements;
				CODE_SIGN_STYLE = Automatic;
				CURRENT_PROJECT_VERSION = 1;
				DEVELOPMENT_ASSET_PATHS = "\"Messenger/Preview Content\"";
				DEVELOPMENT_TEAM = BTX96P3YD4;
				ENABLE_PREVIEWS = YES;
				GENERATE_INFOPLIST_FILE = YES;
				INFOPLIST_FILE = Messenger/Info.plist;
				INFOPLIST_KEY_UIApplicationSceneManifest_Generation = YES;
				INFOPLIST_KEY_UIApplicationSupportsIndirectInputEvents = YES;
				INFOPLIST_KEY_UILaunchScreen_Generation = YES;
				INFOPLIST_KEY_UILaunchStoryboardName = LaunchScreen;
				INFOPLIST_KEY_UISupportedInterfaceOrientations = UIInterfaceOrientationPortrait;
				IPHONEOS_DEPLOYMENT_TARGET = 16.0;
				LD_RUNPATH_SEARCH_PATHS = (
					"$(inherited)",
					"@executable_path/Frameworks",
				);
				MARKETING_VERSION = 1.0;
				PRODUCT_BUNDLE_IDENTIFIER = min.Messenger;
				PRODUCT_NAME = "$(TARGET_NAME)";
				SWIFT_EMIT_LOC_STRINGS = YES;
				SWIFT_VERSION = 5.0;
				TARGETED_DEVICE_FAMILY = "1,2";
			};
			name = Debug;
		};
		AB32AAEB2C21E0D000AFF543 /* Release */ = {
			isa = XCBuildConfiguration;
			buildSettings = {
				ASSETCATALOG_COMPILER_APPICON_NAME = AppIcon;
				ASSETCATALOG_COMPILER_GLOBAL_ACCENT_COLOR_NAME = AccentColor;
				CODE_SIGN_ENTITLEMENTS = Messenger/Messenger.entitlements;
				CODE_SIGN_STYLE = Automatic;
				CURRENT_PROJECT_VERSION = 1;
				DEVELOPMENT_ASSET_PATHS = "\"Messenger/Preview Content\"";
				DEVELOPMENT_TEAM = BTX96P3YD4;
				ENABLE_PREVIEWS = YES;
				GENERATE_INFOPLIST_FILE = YES;
				INFOPLIST_FILE = Messenger/Info.plist;
				INFOPLIST_KEY_UIApplicationSceneManifest_Generation = YES;
				INFOPLIST_KEY_UIApplicationSupportsIndirectInputEvents = YES;
				INFOPLIST_KEY_UILaunchScreen_Generation = YES;
				INFOPLIST_KEY_UILaunchStoryboardName = LaunchScreen;
				INFOPLIST_KEY_UISupportedInterfaceOrientations = UIInterfaceOrientationPortrait;
				IPHONEOS_DEPLOYMENT_TARGET = 16.0;
				LD_RUNPATH_SEARCH_PATHS = (
					"$(inherited)",
					"@executable_path/Frameworks",
				);
				MARKETING_VERSION = 1.0;
				PRODUCT_BUNDLE_IDENTIFIER = min.Messenger;
				PRODUCT_NAME = "$(TARGET_NAME)";
				SWIFT_EMIT_LOC_STRINGS = YES;
				SWIFT_VERSION = 5.0;
				TARGETED_DEVICE_FAMILY = "1,2";
			};
			name = Release;
		};
		AB32AAED2C21E0D000AFF543 /* Debug */ = {
			isa = XCBuildConfiguration;
			buildSettings = {
				ALWAYS_EMBED_SWIFT_STANDARD_LIBRARIES = YES;
				BUNDLE_LOADER = "$(TEST_HOST)";
				CODE_SIGN_STYLE = Automatic;
				CURRENT_PROJECT_VERSION = 1;
				DEVELOPMENT_TEAM = BTX96P3YD4;
				GENERATE_INFOPLIST_FILE = YES;
				IPHONEOS_DEPLOYMENT_TARGET = 17.5;
				MARKETING_VERSION = 1.0;
				PRODUCT_BUNDLE_IDENTIFIER = min.MessengerTests;
				PRODUCT_NAME = "$(TARGET_NAME)";
				SWIFT_EMIT_LOC_STRINGS = NO;
				SWIFT_VERSION = 5.0;
				TARGETED_DEVICE_FAMILY = "1,2";
				TEST_HOST = "$(BUILT_PRODUCTS_DIR)/Messenger.app/$(BUNDLE_EXECUTABLE_FOLDER_PATH)/Messenger";
			};
			name = Debug;
		};
		AB32AAEE2C21E0D000AFF543 /* Release */ = {
			isa = XCBuildConfiguration;
			buildSettings = {
				ALWAYS_EMBED_SWIFT_STANDARD_LIBRARIES = YES;
				BUNDLE_LOADER = "$(TEST_HOST)";
				CODE_SIGN_STYLE = Automatic;
				CURRENT_PROJECT_VERSION = 1;
				DEVELOPMENT_TEAM = BTX96P3YD4;
				GENERATE_INFOPLIST_FILE = YES;
				IPHONEOS_DEPLOYMENT_TARGET = 17.5;
				MARKETING_VERSION = 1.0;
				PRODUCT_BUNDLE_IDENTIFIER = min.MessengerTests;
				PRODUCT_NAME = "$(TARGET_NAME)";
				SWIFT_EMIT_LOC_STRINGS = NO;
				SWIFT_VERSION = 5.0;
				TARGETED_DEVICE_FAMILY = "1,2";
				TEST_HOST = "$(BUILT_PRODUCTS_DIR)/Messenger.app/$(BUNDLE_EXECUTABLE_FOLDER_PATH)/Messenger";
			};
			name = Release;
		};
		AB32AAF02C21E0D000AFF543 /* Debug */ = {
			isa = XCBuildConfiguration;
			buildSettings = {
				ALWAYS_EMBED_SWIFT_STANDARD_LIBRARIES = YES;
				CODE_SIGN_STYLE = Automatic;
				CURRENT_PROJECT_VERSION = 1;
				DEVELOPMENT_TEAM = BTX96P3YD4;
				GENERATE_INFOPLIST_FILE = YES;
				MARKETING_VERSION = 1.0;
				PRODUCT_BUNDLE_IDENTIFIER = min.MessengerUITests;
				PRODUCT_NAME = "$(TARGET_NAME)";
				SWIFT_EMIT_LOC_STRINGS = NO;
				SWIFT_VERSION = 5.0;
				TARGETED_DEVICE_FAMILY = "1,2";
				TEST_TARGET_NAME = Messenger;
			};
			name = Debug;
		};
		AB32AAF12C21E0D000AFF543 /* Release */ = {
			isa = XCBuildConfiguration;
			buildSettings = {
				ALWAYS_EMBED_SWIFT_STANDARD_LIBRARIES = YES;
				CODE_SIGN_STYLE = Automatic;
				CURRENT_PROJECT_VERSION = 1;
				DEVELOPMENT_TEAM = BTX96P3YD4;
				GENERATE_INFOPLIST_FILE = YES;
				MARKETING_VERSION = 1.0;
				PRODUCT_BUNDLE_IDENTIFIER = min.MessengerUITests;
				PRODUCT_NAME = "$(TARGET_NAME)";
				SWIFT_EMIT_LOC_STRINGS = NO;
				SWIFT_VERSION = 5.0;
				TARGETED_DEVICE_FAMILY = "1,2";
				TEST_TARGET_NAME = Messenger;
			};
			name = Release;
		};
/* End XCBuildConfiguration section */

/* Begin XCConfigurationList section */
		AB32AAC02C21E0CE00AFF543 /* Build configuration list for PBXProject "Messenger" */ = {
			isa = XCConfigurationList;
			buildConfigurations = (
				AB32AAE72C21E0D000AFF543 /* Debug */,
				AB32AAE82C21E0D000AFF543 /* Release */,
			);
			defaultConfigurationIsVisible = 0;
			defaultConfigurationName = Release;
		};
		AB32AAE92C21E0D000AFF543 /* Build configuration list for PBXNativeTarget "Messenger" */ = {
			isa = XCConfigurationList;
			buildConfigurations = (
				AB32AAEA2C21E0D000AFF543 /* Debug */,
				AB32AAEB2C21E0D000AFF543 /* Release */,
			);
			defaultConfigurationIsVisible = 0;
			defaultConfigurationName = Release;
		};
		AB32AAEC2C21E0D000AFF543 /* Build configuration list for PBXNativeTarget "MessengerTests" */ = {
			isa = XCConfigurationList;
			buildConfigurations = (
				AB32AAED2C21E0D000AFF543 /* Debug */,
				AB32AAEE2C21E0D000AFF543 /* Release */,
			);
			defaultConfigurationIsVisible = 0;
			defaultConfigurationName = Release;
		};
		AB32AAEF2C21E0D000AFF543 /* Build configuration list for PBXNativeTarget "MessengerUITests" */ = {
			isa = XCConfigurationList;
			buildConfigurations = (
				AB32AAF02C21E0D000AFF543 /* Debug */,
				AB32AAF12C21E0D000AFF543 /* Release */,
			);
			defaultConfigurationIsVisible = 0;
			defaultConfigurationName = Release;
		};
/* End XCConfigurationList section */

/* Begin XCRemoteSwiftPackageReference section */
		AB32AB0C2C21E80D00AFF543 /* XCRemoteSwiftPackageReference "firebase-ios-sdk" */ = {
			isa = XCRemoteSwiftPackageReference;
			repositoryURL = "https://github.com/firebase/firebase-ios-sdk";
			requirement = {
				kind = upToNextMajorVersion;
				minimumVersion = 10.28.0;
			};
		};
		AB32AB252C229FFB00AFF543 /* XCRemoteSwiftPackageReference "GoogleSignIn-iOS" */ = {
			isa = XCRemoteSwiftPackageReference;
			repositoryURL = "https://github.com/google/GoogleSignIn-iOS";
			requirement = {
				kind = upToNextMajorVersion;
				minimumVersion = 7.1.0;
			};
		};
/* End XCRemoteSwiftPackageReference section */

/* Begin XCSwiftPackageProductDependency section */
		AB32AB0D2C21E80D00AFF543 /* FirebaseAuth */ = {
			isa = XCSwiftPackageProductDependency;
			package = AB32AB0C2C21E80D00AFF543 /* XCRemoteSwiftPackageReference "firebase-ios-sdk" */;
			productName = FirebaseAuth;
		};
		AB32AB0F2C21E80D00AFF543 /* FirebaseAuthCombine-Community */ = {
			isa = XCSwiftPackageProductDependency;
			package = AB32AB0C2C21E80D00AFF543 /* XCRemoteSwiftPackageReference "firebase-ios-sdk" */;
			productName = "FirebaseAuthCombine-Community";
		};
		AB32AB262C229FFB00AFF543 /* GoogleSignIn */ = {
			isa = XCSwiftPackageProductDependency;
			package = AB32AB252C229FFB00AFF543 /* XCRemoteSwiftPackageReference "GoogleSignIn-iOS" */;
			productName = GoogleSignIn;
		};
		AB32AB422C22CF0000AFF543 /* FirebaseDatabase */ = {
			isa = XCSwiftPackageProductDependency;
			package = AB32AB0C2C21E80D00AFF543 /* XCRemoteSwiftPackageReference "firebase-ios-sdk" */;
			productName = FirebaseDatabase;
		};
/* End XCSwiftPackageProductDependency section */
	};
	rootObject = AB32AABD2C21E0CE00AFF543 /* Project object */;
}
